{
    "format_version": "1.2",
    "terraform_version": "1.13.3",
    "variables": {
        "AWS_REGION": {
            "value": "eu-west-1"
        },
        "environment": {
            "value": "staging"
        }
    },
    "planned_values": {
        "outputs": {
            "bastion_host_ip": {
                "sensitive": false
            },
            "ec2_instance_ip": {
                "sensitive": false
            },
            "private_subnets_ids": {
                "sensitive": false
            },
            "public_subnets_ids": {
                "sensitive": false
            },
            "security_group_id": {
                "sensitive": false
            },
            "vpc_id": {
                "sensitive": false
            }
        },
        "root_module": {
            "child_modules": [
                {
                    "resources": [
                        {
                            "address": "module.bastion-host.aws_instance.bastion_host",
                            "mode": "managed",
                            "type": "aws_instance",
                            "name": "bastion_host",
                            "provider_name": "registry.terraform.io/hashicorp/aws",
                            "schema_version": 2,
                            "values": {
                                "ami": "ami-081ff4b9aa4e81a08",
                                "credit_specification": [],
                                "force_destroy": false,
                                "get_password_data": false,
                                "hibernation": null,
                                "instance_type": "t2.micro",
                                "key_name": "test.pem",
                                "launch_template": [],
                                "region": "eu-west-1",
                                "source_dest_check": true,
                                "tags": {
                                    "Name": "bation-host-staging",
                                    "environment": "staging"
                                },
                                "tags_all": {
                                    "Name": "bation-host-staging",
                                    "environment": "staging"
                                },
                                "timeouts": null,
                                "user_data": "H4sIAAAAAAAA/5SST2sbMRDF7wJ/h+n2kPYgbwKFgvMH0tgJDbgJwS3tKcjS2BJZaRbNqPb205dNYtdpGkiP0vvN8ObNnFESTKJnXYsjiKWR0JosdQxrdIcwp5Kcyd1xNf08nXy6+vplfHrzo1L9S3/DzIHSCA6G+wM1UFrvQgO16T0O3BIHuWeNiLE+YpJDWIQGk4l4XIUUZGgXy+pP1SybxAvMepIsuZCWI/g4D7ID3FsWXEttGypOW0qLsByoaYj4zNzbXUapXJKNbqQ0oPUE1ZgSVi+P8D9m1po9Ng3bHFp5yc2beh5SPTfslVpmKq1xDuaG+5BUYcz9WzuoPUWsHwXQGfRyg23xeOdCBt0+heshs1dCxfp/CLUp4imHX+hu77BjpR5yqODk5FW49bRKoG82LkYbV0+LlfWRHHzY339dVyNwdDS5Gt/bQLF1jzF7d/uwOVBTI9bDRZ/ZNgEAOG0aWp0uMck55ZXJ/ZIg0Vaa2XZH6JB75fvBwTP6GnMMMispYfP4dWEEV6a7piz8+HVO2eIZxWiSezihvZkPDMZaKknAmgSUmg7mCIXRwYIyXGdad5cltvCO2YO+fL+nJldjpbhjwWilgYwsJgv0Iw8Z889g8e+z1HqgfgcAAP//hqmfAbgDAAA=",
                                "user_data_replace_on_change": false,
                                "volume_tags": null
                            },
                            "sensitive_values": {
                                "capacity_reservation_specification": [],
                                "cpu_options": [],
                                "credit_specification": [],
                                "ebs_block_device": [],
                                "enclave_options": [],
                                "ephemeral_block_device": [],
                                "instance_market_options": [],
                                "ipv6_addresses": [],
                                "launch_template": [],
                                "maintenance_options": [],
                                "metadata_options": [],
                                "network_interface": [],
                                "primary_network_interface": [],
                                "private_dns_name_options": [],
                                "root_block_device": [],
                                "secondary_private_ips": [],
                                "security_groups": [],
                                "tags": {},
                                "tags_all": {},
                                "vpc_security_group_ids": []
                            },
                            "identity_schema_version": 0,
                            "identity": {
                                "account_id": null,
                                "id": null,
                                "region": null
                            }
                        }
                    ],
                    "address": "module.bastion-host"
                },
                {
                    "resources": [
                        {
                            "address": "module.ec2-instance.aws_iam_instance_profile.ec2_instance_profile",
                            "mode": "managed",
                            "type": "aws_iam_instance_profile",
                            "name": "ec2_instance_profile",
                            "provider_name": "registry.terraform.io/hashicorp/aws",
                            "schema_version": 0,
                            "values": {
                                "name": "ec2-instance-profile-staging",
                                "path": "/",
                                "role": "ec2-iam-role-staging",
                                "tags": {
                                    "Name": "ec2-instance-profile-staging",
                                    "environment": "staging"
                                },
                                "tags_all": {
                                    "Name": "ec2-instance-profile-staging",
                                    "environment": "staging"
                                }
                            },
                            "sensitive_values": {
                                "tags": {},
                                "tags_all": {}
                            }
                        },
                        {
                            "address": "module.ec2-instance.aws_iam_role.ec2_iam_role",
                            "mode": "managed",
                            "type": "aws_iam_role",
                            "name": "ec2_iam_role",
                            "provider_name": "registry.terraform.io/hashicorp/aws",
                            "schema_version": 0,
                            "values": {
                                "assume_role_policy": "{\"Statement\":[{\"Action\":\"sts:AssumeRole\",\"Effect\":\"Allow\",\"Principal\":{\"Service\":\"ec2.amazonaws.com\"},\"Sid\":\"\"}],\"Version\":\"2012-10-17\"}",
                                "description": null,
                                "force_detach_policies": false,
                                "max_session_duration": 3600,
                                "name": "ec2-iam-role-staging",
                                "path": "/",
                                "permissions_boundary": null,
                                "tags": {
                                    "Name": "ec2-iam-role-staging",
                                    "environment": "staging"
                                },
                                "tags_all": {
                                    "Name": "ec2-iam-role-staging",
                                    "environment": "staging"
                                }
                            },
                            "sensitive_values": {
                                "inline_policy": [],
                                "managed_policy_arns": [],
                                "tags": {},
                                "tags_all": {}
                            },
                            "identity_schema_version": 0,
                            "identity": {
                                "account_id": null,
                                "name": null
                            }
                        },
                        {
                            "address": "module.ec2-instance.aws_iam_role_policy_attachment.attach_ssm_policy",
                            "mode": "managed",
                            "type": "aws_iam_role_policy_attachment",
                            "name": "attach_ssm_policy",
                            "provider_name": "registry.terraform.io/hashicorp/aws",
                            "schema_version": 0,
                            "values": {
                                "policy_arn": "arn:aws:iam::aws:policy/AmazonSSMManagedInstanceCore",
                                "role": "ec2-iam-role-staging"
                            },
                            "sensitive_values": {},
                            "identity_schema_version": 0,
                            "identity": {
                                "account_id": null,
                                "policy_arn": null,
                                "role": null
                            }
                        },
                        {
                            "address": "module.ec2-instance.aws_instance.ec2_instance",
                            "mode": "managed",
                            "type": "aws_instance",
                            "name": "ec2_instance",
                            "provider_name": "registry.terraform.io/hashicorp/aws",
                            "schema_version": 2,
                            "values": {
                                "ami": "ami-081ff4b9aa4e81a08",
                                "credit_specification": [],
                                "force_destroy": false,
                                "get_password_data": false,
                                "hibernation": null,
                                "instance_type": "t2.micro",
                                "key_name": "test.pem",
                                "launch_template": [],
                                "region": "eu-west-1",
                                "source_dest_check": true,
                                "tags": {
                                    "Name": "ec2-instance-staging",
                                    "environment": "staging"
                                },
                                "tags_all": {
                                    "Name": "ec2-instance-staging",
                                    "environment": "staging"
                                },
                                "timeouts": null,
                                "user_data": null,
                                "user_data_replace_on_change": false,
                                "volume_tags": null
                            },
                            "sensitive_values": {
                                "capacity_reservation_specification": [],
                                "cpu_options": [],
                                "credit_specification": [],
                                "ebs_block_device": [],
                                "enclave_options": [],
                                "ephemeral_block_device": [],
                                "instance_market_options": [],
                                "ipv6_addresses": [],
                                "launch_template": [],
                                "maintenance_options": [],
                                "metadata_options": [],
                                "network_interface": [],
                                "primary_network_interface": [],
                                "private_dns_name_options": [],
                                "root_block_device": [],
                                "secondary_private_ips": [],
                                "security_groups": [],
                                "tags": {},
                                "tags_all": {},
                                "vpc_security_group_ids": []
                            },
                            "identity_schema_version": 0,
                            "identity": {
                                "account_id": null,
                                "id": null,
                                "region": null
                            }
                        }
                    ],
                    "address": "module.ec2-instance"
                },
                {
                    "resources": [
                        {
                            "address": "module.private-vpc.aws_eip.nat_eip",
                            "mode": "managed",
                            "type": "aws_eip",
                            "name": "nat_eip",
                            "provider_name": "registry.terraform.io/hashicorp/aws",
                            "schema_version": 0,
                            "values": {
                                "address": null,
                                "associate_with_private_ip": null,
                                "customer_owned_ipv4_pool": null,
                                "domain": "vpc",
                                "region": "eu-west-1",
                                "tags": {
                                    "Name": "elastic-ip-nat-gw-staging",
                                    "environment": "staging"
                                },
                                "tags_all": {
                                    "Name": "elastic-ip-nat-gw-staging",
                                    "environment": "staging"
                                },
                                "timeouts": null
                            },
                            "sensitive_values": {
                                "tags": {},
                                "tags_all": {}
                            }
                        },
                        {
                            "address": "module.private-vpc.aws_internet_gateway.vpc_gw",
                            "mode": "managed",
                            "type": "aws_internet_gateway",
                            "name": "vpc_gw",
                            "provider_name": "registry.terraform.io/hashicorp/aws",
                            "schema_version": 0,
                            "values": {
                                "region": "eu-west-1",
                                "tags": {
                                    "Name": "internet-gw-staging",
                                    "environment": "staging"
                                },
                                "tags_all": {
                                    "Name": "internet-gw-staging",
                                    "environment": "staging"
                                },
                                "timeouts": null
                            },
                            "sensitive_values": {
                                "tags": {},
                                "tags_all": {}
                            }
                        },
                        {
                            "address": "module.private-vpc.aws_nat_gateway.nat_gw",
                            "mode": "managed",
                            "type": "aws_nat_gateway",
                            "name": "nat_gw",
                            "provider_name": "registry.terraform.io/hashicorp/aws",
                            "schema_version": 0,
                            "values": {
                                "connectivity_type": "public",
                                "region": "eu-west-1",
                                "tags": {
                                    "Name": "nat-gw-staging",
                                    "environment": "staging"
                                },
                                "tags_all": {
                                    "Name": "nat-gw-staging",
                                    "environment": "staging"
                                },
                                "timeouts": null
                            },
                            "sensitive_values": {
                                "secondary_allocation_ids": [],
                                "secondary_private_ip_addresses": [],
                                "tags": {},
                                "tags_all": {}
                            }
                        },
                        {
                            "address": "module.private-vpc.aws_route.private_nat_gateway",
                            "mode": "managed",
                            "type": "aws_route",
                            "name": "private_nat_gateway",
                            "provider_name": "registry.terraform.io/hashicorp/aws",
                            "schema_version": 0,
                            "values": {
                                "carrier_gateway_id": null,
                                "core_network_arn": null,
                                "destination_cidr_block": "0.0.0.0/0",
                                "destination_ipv6_cidr_block": null,
                                "destination_prefix_list_id": null,
                                "egress_only_gateway_id": null,
                                "gateway_id": null,
                                "local_gateway_id": null,
                                "region": "eu-west-1",
                                "timeouts": null,
                                "transit_gateway_id": null,
                                "vpc_endpoint_id": null,
                                "vpc_peering_connection_id": null
                            },
                            "sensitive_values": {},
                            "identity_schema_version": 0,
                            "identity": {
                                "account_id": null,
                                "destination_cidr_block": null,
                                "destination_ipv6_cidr_block": null,
                                "destination_prefix_list_id": null,
                                "region": null,
                                "route_table_id": null
                            }
                        },
                        {
                            "address": "module.private-vpc.aws_route.public_internet_gateway",
                            "mode": "managed",
                            "type": "aws_route",
                            "name": "public_internet_gateway",
                            "provider_name": "registry.terraform.io/hashicorp/aws",
                            "schema_version": 0,
                            "values": {
                                "carrier_gateway_id": null,
                                "core_network_arn": null,
                                "destination_cidr_block": "0.0.0.0/0",
                                "destination_ipv6_cidr_block": null,
                                "destination_prefix_list_id": null,
                                "egress_only_gateway_id": null,
                                "local_gateway_id": null,
                                "nat_gateway_id": null,
                                "region": "eu-west-1",
                                "timeouts": null,
                                "transit_gateway_id": null,
                                "vpc_endpoint_id": null,
                                "vpc_peering_connection_id": null
                            },
                            "sensitive_values": {},
                            "identity_schema_version": 0,
                            "identity": {
                                "account_id": null,
                                "destination_cidr_block": null,
                                "destination_ipv6_cidr_block": null,
                                "destination_prefix_list_id": null,
                                "region": null,
                                "route_table_id": null
                            }
                        },
                        {
                            "address": "module.private-vpc.aws_route_table.vpc_private_rt",
                            "mode": "managed",
                            "type": "aws_route_table",
                            "name": "vpc_private_rt",
                            "provider_name": "registry.terraform.io/hashicorp/aws",
                            "schema_version": 0,
                            "values": {
                                "region": "eu-west-1",
                                "tags": {
                                    "Name": "private-rt-staging",
                                    "environment": "staging"
                                },
                                "tags_all": {
                                    "Name": "private-rt-staging",
                                    "environment": "staging"
                                },
                                "timeouts": null
                            },
                            "sensitive_values": {
                                "propagating_vgws": [],
                                "route": [],
                                "tags": {},
                                "tags_all": {}
                            },
                            "identity_schema_version": 0,
                            "identity": {
                                "account_id": null,
                                "id": null,
                                "region": null
                            }
                        },
                        {
                            "address": "module.private-vpc.aws_route_table.vpc_public_rt",
                            "mode": "managed",
                            "type": "aws_route_table",
                            "name": "vpc_public_rt",
                            "provider_name": "registry.terraform.io/hashicorp/aws",
                            "schema_version": 0,
                            "values": {
                                "region": "eu-west-1",
                                "tags": {
                                    "Name": "public-rt-staging",
                                    "environment": "staging"
                                },
                                "tags_all": {
                                    "Name": "public-rt-staging",
                                    "environment": "staging"
                                },
                                "timeouts": null
                            },
                            "sensitive_values": {
                                "propagating_vgws": [],
                                "route": [],
                                "tags": {},
                                "tags_all": {}
                            },
                            "identity_schema_version": 0,
                            "identity": {
                                "account_id": null,
                                "id": null,
                                "region": null
                            }
                        },
                        {
                            "address": "module.private-vpc.aws_route_table_association.private[0]",
                            "mode": "managed",
                            "type": "aws_route_table_association",
                            "name": "private",
                            "index": 0,
                            "provider_name": "registry.terraform.io/hashicorp/aws",
                            "schema_version": 0,
                            "values": {
                                "gateway_id": null,
                                "region": "eu-west-1",
                                "timeouts": null
                            },
                            "sensitive_values": {}
                        },
                        {
                            "address": "module.private-vpc.aws_route_table_association.private[1]",
                            "mode": "managed",
                            "type": "aws_route_table_association",
                            "name": "private",
                            "index": 1,
                            "provider_name": "registry.terraform.io/hashicorp/aws",
                            "schema_version": 0,
                            "values": {
                                "gateway_id": null,
                                "region": "eu-west-1",
                                "timeouts": null
                            },
                            "sensitive_values": {}
                        },
                        {
                            "address": "module.private-vpc.aws_route_table_association.private[2]",
                            "mode": "managed",
                            "type": "aws_route_table_association",
                            "name": "private",
                            "index": 2,
                            "provider_name": "registry.terraform.io/hashicorp/aws",
                            "schema_version": 0,
                            "values": {
                                "gateway_id": null,
                                "region": "eu-west-1",
                                "timeouts": null
                            },
                            "sensitive_values": {}
                        },
                        {
                            "address": "module.private-vpc.aws_route_table_association.public[0]",
                            "mode": "managed",
                            "type": "aws_route_table_association",
                            "name": "public",
                            "index": 0,
                            "provider_name": "registry.terraform.io/hashicorp/aws",
                            "schema_version": 0,
                            "values": {
                                "gateway_id": null,
                                "region": "eu-west-1",
                                "timeouts": null
                            },
                            "sensitive_values": {}
                        },
                        {
                            "address": "module.private-vpc.aws_route_table_association.public[1]",
                            "mode": "managed",
                            "type": "aws_route_table_association",
                            "name": "public",
                            "index": 1,
                            "provider_name": "registry.terraform.io/hashicorp/aws",
                            "schema_version": 0,
                            "values": {
                                "gateway_id": null,
                                "region": "eu-west-1",
                                "timeouts": null
                            },
                            "sensitive_values": {}
                        },
                        {
                            "address": "module.private-vpc.aws_route_table_association.public[2]",
                            "mode": "managed",
                            "type": "aws_route_table_association",
                            "name": "public",
                            "index": 2,
                            "provider_name": "registry.terraform.io/hashicorp/aws",
                            "schema_version": 0,
                            "values": {
                                "gateway_id": null,
                                "region": "eu-west-1",
                                "timeouts": null
                            },
                            "sensitive_values": {}
                        },
                        {
                            "address": "module.private-vpc.aws_security_group.allow-strict",
                            "mode": "managed",
                            "type": "aws_security_group",
                            "name": "allow-strict",
                            "provider_name": "registry.terraform.io/hashicorp/aws",
                            "schema_version": 1,
                            "values": {
                                "description": "security group that allows ssh and all egress traffic",
                                "egress": [
                                    {
                                        "cidr_blocks": [
                                            "0.0.0.0/0"
                                        ],
                                        "description": "",
                                        "from_port": 0,
                                        "ipv6_cidr_blocks": [],
                                        "prefix_list_ids": [],
                                        "protocol": "-1",
                                        "security_groups": [],
                                        "self": false,
                                        "to_port": 0
                                    }
                                ],
                                "ingress": [
                                    {
                                        "cidr_blocks": [],
                                        "description": "",
                                        "from_port": 0,
                                        "ipv6_cidr_blocks": [],
                                        "prefix_list_ids": [],
                                        "protocol": "-1",
                                        "security_groups": [],
                                        "self": true,
                                        "to_port": 0
                                    }
                                ],
                                "name": "allow-strict",
                                "region": "eu-west-1",
                                "revoke_rules_on_delete": false,
                                "tags": {
                                    "Name": "sg-allow-strict-staging",
                                    "environment": "staging"
                                },
                                "tags_all": {
                                    "Name": "sg-allow-strict-staging",
                                    "environment": "staging"
                                },
                                "timeouts": null
                            },
                            "sensitive_values": {
                                "egress": [
                                    {
                                        "cidr_blocks": [
                                            false
                                        ],
                                        "ipv6_cidr_blocks": [],
                                        "prefix_list_ids": [],
                                        "security_groups": []
                                    }
                                ],
                                "ingress": [
                                    {
                                        "cidr_blocks": [],
                                        "ipv6_cidr_blocks": [],
                                        "prefix_list_ids": [],
                                        "security_groups": []
                                    }
                                ],
                                "tags": {},
                                "tags_all": {}
                            },
                            "identity_schema_version": 0,
                            "identity": {
                                "account_id": null,
                                "id": null,
                                "region": null
                            }
                        },
                        {
                            "address": "module.private-vpc.aws_security_group_rule.ingress_ssh[0]",
                            "mode": "managed",
                            "type": "aws_security_group_rule",
                            "name": "ingress_ssh",
                            "index": 0,
                            "provider_name": "registry.terraform.io/hashicorp/aws",
                            "schema_version": 2,
                            "values": {
                                "cidr_blocks": [
                                    "162.120.188.0/24"
                                ],
                                "description": null,
                                "from_port": 22,
                                "ipv6_cidr_blocks": null,
                                "prefix_list_ids": null,
                                "protocol": "tcp",
                                "region": "eu-west-1",
                                "self": false,
                                "timeouts": null,
                                "to_port": 22,
                                "type": "ingress"
                            },
                            "sensitive_values": {
                                "cidr_blocks": [
                                    false
                                ]
                            }
                        },
                        {
                            "address": "module.private-vpc.aws_subnet.private_subnets[0]",
                            "mode": "managed",
                            "type": "aws_subnet",
                            "name": "private_subnets",
                            "index": 0,
                            "provider_name": "registry.terraform.io/hashicorp/aws",
                            "schema_version": 1,
                            "values": {
                                "assign_ipv6_address_on_creation": false,
                                "availability_zone_id": "euw1-az2",
                                "cidr_block": "172.68.3.0/24",
                                "customer_owned_ipv4_pool": null,
                                "enable_dns64": false,
                                "enable_lni_at_device_index": null,
                                "enable_resource_name_dns_a_record_on_launch": true,
                                "enable_resource_name_dns_aaaa_record_on_launch": false,
                                "ipv6_cidr_block": null,
                                "ipv6_native": false,
                                "map_customer_owned_ip_on_launch": null,
                                "map_public_ip_on_launch": false,
                                "outpost_arn": null,
                                "private_dns_hostname_type_on_launch": "resource-name",
                                "region": "eu-west-1",
                                "tags": {
                                    "Name": "private-subnet-eu-west-1a-staging",
                                    "environment": "staging"
                                },
                                "tags_all": {
                                    "Name": "private-subnet-eu-west-1a-staging",
                                    "environment": "staging"
                                },
                                "timeouts": null
                            },
                            "sensitive_values": {
                                "tags": {},
                                "tags_all": {}
                            },
                            "identity_schema_version": 0,
                            "identity": {
                                "account_id": null,
                                "id": null,
                                "region": null
                            }
                        },
                        {
                            "address": "module.private-vpc.aws_subnet.private_subnets[1]",
                            "mode": "managed",
                            "type": "aws_subnet",
                            "name": "private_subnets",
                            "index": 1,
                            "provider_name": "registry.terraform.io/hashicorp/aws",
                            "schema_version": 1,
                            "values": {
                                "assign_ipv6_address_on_creation": false,
                                "availability_zone_id": "euw1-az3",
                                "cidr_block": "172.68.4.0/24",
                                "customer_owned_ipv4_pool": null,
                                "enable_dns64": false,
                                "enable_lni_at_device_index": null,
                                "enable_resource_name_dns_a_record_on_launch": true,
                                "enable_resource_name_dns_aaaa_record_on_launch": false,
                                "ipv6_cidr_block": null,
                                "ipv6_native": false,
                                "map_customer_owned_ip_on_launch": null,
                                "map_public_ip_on_launch": false,
                                "outpost_arn": null,
                                "private_dns_hostname_type_on_launch": "resource-name",
                                "region": "eu-west-1",
                                "tags": {
                                    "Name": "private-subnet-eu-west-1b-staging",
                                    "environment": "staging"
                                },
                                "tags_all": {
                                    "Name": "private-subnet-eu-west-1b-staging",
                                    "environment": "staging"
                                },
                                "timeouts": null
                            },
                            "sensitive_values": {
                                "tags": {},
                                "tags_all": {}
                            },
                            "identity_schema_version": 0,
                            "identity": {
                                "account_id": null,
                                "id": null,
                                "region": null
                            }
                        },
                        {
                            "address": "module.private-vpc.aws_subnet.private_subnets[2]",
                            "mode": "managed",
                            "type": "aws_subnet",
                            "name": "private_subnets",
                            "index": 2,
                            "provider_name": "registry.terraform.io/hashicorp/aws",
                            "schema_version": 1,
                            "values": {
                                "assign_ipv6_address_on_creation": false,
                                "availability_zone_id": "euw1-az1",
                                "cidr_block": "172.68.5.0/24",
                                "customer_owned_ipv4_pool": null,
                                "enable_dns64": false,
                                "enable_lni_at_device_index": null,
                                "enable_resource_name_dns_a_record_on_launch": true,
                                "enable_resource_name_dns_aaaa_record_on_launch": false,
                                "ipv6_cidr_block": null,
                                "ipv6_native": false,
                                "map_customer_owned_ip_on_launch": null,
                                "map_public_ip_on_launch": false,
                                "outpost_arn": null,
                                "private_dns_hostname_type_on_launch": "resource-name",
                                "region": "eu-west-1",
                                "tags": {
                                    "Name": "private-subnet-eu-west-1c-staging",
                                    "environment": "staging"
                                },
                                "tags_all": {
                                    "Name": "private-subnet-eu-west-1c-staging",
                                    "environment": "staging"
                                },
                                "timeouts": null
                            },
                            "sensitive_values": {
                                "tags": {},
                                "tags_all": {}
                            },
                            "identity_schema_version": 0,
                            "identity": {
                                "account_id": null,
                                "id": null,
                                "region": null
                            }
                        },
                        {
                            "address": "module.private-vpc.aws_subnet.public_subnets[0]",
                            "mode": "managed",
                            "type": "aws_subnet",
                            "name": "public_subnets",
                            "index": 0,
                            "provider_name": "registry.terraform.io/hashicorp/aws",
                            "schema_version": 1,
                            "values": {
                                "assign_ipv6_address_on_creation": false,
                                "availability_zone_id": "euw1-az2",
                                "cidr_block": "172.68.0.0/24",
                                "customer_owned_ipv4_pool": null,
                                "enable_dns64": false,
                                "enable_lni_at_device_index": null,
                                "enable_resource_name_dns_a_record_on_launch": true,
                                "enable_resource_name_dns_aaaa_record_on_launch": false,
                                "ipv6_cidr_block": null,
                                "ipv6_native": false,
                                "map_customer_owned_ip_on_launch": null,
                                "map_public_ip_on_launch": true,
                                "outpost_arn": null,
                                "private_dns_hostname_type_on_launch": "resource-name",
                                "region": "eu-west-1",
                                "tags": {
                                    "Name": "public-subnet-eu-west-1a-staging",
                                    "environment": "staging"
                                },
                                "tags_all": {
                                    "Name": "public-subnet-eu-west-1a-staging",
                                    "environment": "staging"
                                },
                                "timeouts": null
                            },
                            "sensitive_values": {
                                "tags": {},
                                "tags_all": {}
                            },
                            "identity_schema_version": 0,
                            "identity": {
                                "account_id": null,
                                "id": null,
                                "region": null
                            }
                        },
                        {
                            "address": "module.private-vpc.aws_subnet.public_subnets[1]",
                            "mode": "managed",
                            "type": "aws_subnet",
                            "name": "public_subnets",
                            "index": 1,
                            "provider_name": "registry.terraform.io/hashicorp/aws",
                            "schema_version": 1,
                            "values": {
                                "assign_ipv6_address_on_creation": false,
                                "availability_zone_id": "euw1-az3",
                                "cidr_block": "172.68.1.0/24",
                                "customer_owned_ipv4_pool": null,
                                "enable_dns64": false,
                                "enable_lni_at_device_index": null,
                                "enable_resource_name_dns_a_record_on_launch": true,
                                "enable_resource_name_dns_aaaa_record_on_launch": false,
                                "ipv6_cidr_block": null,
                                "ipv6_native": false,
                                "map_customer_owned_ip_on_launch": null,
                                "map_public_ip_on_launch": true,
                                "outpost_arn": null,
                                "private_dns_hostname_type_on_launch": "resource-name",
                                "region": "eu-west-1",
                                "tags": {
                                    "Name": "public-subnet-eu-west-1b-staging",
                                    "environment": "staging"
                                },
                                "tags_all": {
                                    "Name": "public-subnet-eu-west-1b-staging",
                                    "environment": "staging"
                                },
                                "timeouts": null
                            },
                            "sensitive_values": {
                                "tags": {},
                                "tags_all": {}
                            },
                            "identity_schema_version": 0,
                            "identity": {
                                "account_id": null,
                                "id": null,
                                "region": null
                            }
                        },
                        {
                            "address": "module.private-vpc.aws_subnet.public_subnets[2]",
                            "mode": "managed",
                            "type": "aws_subnet",
                            "name": "public_subnets",
                            "index": 2,
                            "provider_name": "registry.terraform.io/hashicorp/aws",
                            "schema_version": 1,
                            "values": {
                                "assign_ipv6_address_on_creation": false,
                                "availability_zone_id": "euw1-az1",
                                "cidr_block": "172.68.2.0/24",
                                "customer_owned_ipv4_pool": null,
                                "enable_dns64": false,
                                "enable_lni_at_device_index": null,
                                "enable_resource_name_dns_a_record_on_launch": true,
                                "enable_resource_name_dns_aaaa_record_on_launch": false,
                                "ipv6_cidr_block": null,
                                "ipv6_native": false,
                                "map_customer_owned_ip_on_launch": null,
                                "map_public_ip_on_launch": true,
                                "outpost_arn": null,
                                "private_dns_hostname_type_on_launch": "resource-name",
                                "region": "eu-west-1",
                                "tags": {
                                    "Name": "public-subnet-eu-west-1c-staging",
                                    "environment": "staging"
                                },
                                "tags_all": {
                                    "Name": "public-subnet-eu-west-1c-staging",
                                    "environment": "staging"
                                },
                                "timeouts": null
                            },
                            "sensitive_values": {
                                "tags": {},
                                "tags_all": {}
                            },
                            "identity_schema_version": 0,
                            "identity": {
                                "account_id": null,
                                "id": null,
                                "region": null
                            }
                        },
                        {
                            "address": "module.private-vpc.aws_vpc.main_vpc",
                            "mode": "managed",
                            "type": "aws_vpc",
                            "name": "main_vpc",
                            "provider_name": "registry.terraform.io/hashicorp/aws",
                            "schema_version": 1,
                            "values": {
                                "assign_generated_ipv6_cidr_block": null,
                                "cidr_block": "172.68.0.0/16",
                                "enable_dns_hostnames": true,
                                "enable_dns_support": true,
                                "instance_tenancy": "default",
                                "ipv4_ipam_pool_id": null,
                                "ipv4_netmask_length": null,
                                "ipv6_ipam_pool_id": null,
                                "ipv6_netmask_length": null,
                                "region": "eu-west-1",
                                "tags": {
                                    "Name": "vpc-eu-west-1-staging",
                                    "environment": "staging"
                                },
                                "tags_all": {
                                    "Name": "vpc-eu-west-1-staging",
                                    "environment": "staging"
                                }
                            },
                            "sensitive_values": {
                                "tags": {},
                                "tags_all": {}
                            },
                            "identity_schema_version": 0,
                            "identity": {
                                "account_id": null,
                                "id": null,
                                "region": null
                            }
                        },
                        {
                            "address": "module.private-vpc.aws_vpc_dhcp_options.vpc_dhcp",
                            "mode": "managed",
                            "type": "aws_vpc_dhcp_options",
                            "name": "vpc_dhcp",
                            "provider_name": "registry.terraform.io/hashicorp/aws",
                            "schema_version": 0,
                            "values": {
                                "domain_name": "eu-west-1-aws-cloud.compute.internal",
                                "domain_name_servers": [
                                    "AmazonProvidedDNS"
                                ],
                                "ipv6_address_preferred_lease_time": null,
                                "netbios_name_servers": null,
                                "netbios_node_type": null,
                                "ntp_servers": null,
                                "region": "eu-west-1",
                                "tags": {
                                    "Name": "dhcp-options-staging",
                                    "environment": "staging"
                                },
                                "tags_all": {
                                    "Name": "dhcp-options-staging",
                                    "environment": "staging"
                                }
                            },
                            "sensitive_values": {
                                "domain_name_servers": [
                                    false
                                ],
                                "tags": {},
                                "tags_all": {}
                            }
                        },
                        {
                            "address": "module.private-vpc.aws_vpc_dhcp_options_association.dns_resolver",
                            "mode": "managed",
                            "type": "aws_vpc_dhcp_options_association",
                            "name": "dns_resolver",
                            "provider_name": "registry.terraform.io/hashicorp/aws",
                            "schema_version": 0,
                            "values": {
                                "region": "eu-west-1"
                            },
                            "sensitive_values": {}
                        }
                    ],
                    "address": "module.private-vpc"
                }
            ]
        }
    },
    "resource_changes": [
        {
            "address": "module.bastion-host.aws_instance.bastion_host",
            "module_address": "module.bastion-host",
            "mode": "managed",
            "type": "aws_instance",
            "name": "bastion_host",
            "provider_name": "registry.terraform.io/hashicorp/aws",
            "change": {
                "actions": [
                    "create"
                ],
                "before": null,
                "after": {
                    "ami": "ami-081ff4b9aa4e81a08",
                    "credit_specification": [],
                    "force_destroy": false,
                    "get_password_data": false,
                    "hibernation": null,
                    "instance_type": "t2.micro",
                    "key_name": "test.pem",
                    "launch_template": [],
                    "region": "eu-west-1",
                    "source_dest_check": true,
                    "tags": {
                        "Name": "bation-host-staging",
                        "environment": "staging"
                    },
                    "tags_all": {
                        "Name": "bation-host-staging",
                        "environment": "staging"
                    },
                    "timeouts": null,
                    "user_data": "H4sIAAAAAAAA/5SST2sbMRDF7wJ/h+n2kPYgbwKFgvMH0tgJDbgJwS3tKcjS2BJZaRbNqPb205dNYtdpGkiP0vvN8ObNnFESTKJnXYsjiKWR0JosdQxrdIcwp5Kcyd1xNf08nXy6+vplfHrzo1L9S3/DzIHSCA6G+wM1UFrvQgO16T0O3BIHuWeNiLE+YpJDWIQGk4l4XIUUZGgXy+pP1SybxAvMepIsuZCWI/g4D7ID3FsWXEttGypOW0qLsByoaYj4zNzbXUapXJKNbqQ0oPUE1ZgSVi+P8D9m1po9Ng3bHFp5yc2beh5SPTfslVpmKq1xDuaG+5BUYcz9WzuoPUWsHwXQGfRyg23xeOdCBt0+heshs1dCxfp/CLUp4imHX+hu77BjpR5yqODk5FW49bRKoG82LkYbV0+LlfWRHHzY339dVyNwdDS5Gt/bQLF1jzF7d/uwOVBTI9bDRZ/ZNgEAOG0aWp0uMck55ZXJ/ZIg0Vaa2XZH6JB75fvBwTP6GnMMMispYfP4dWEEV6a7piz8+HVO2eIZxWiSezihvZkPDMZaKknAmgSUmg7mCIXRwYIyXGdad5cltvCO2YO+fL+nJldjpbhjwWilgYwsJgv0Iw8Z889g8e+z1HqgfgcAAP//hqmfAbgDAAA=",
                    "user_data_replace_on_change": false,
                    "volume_tags": null
                },
                "after_unknown": {
                    "arn": true,
                    "associate_public_ip_address": true,
                    "availability_zone": true,
                    "capacity_reservation_specification": true,
                    "cpu_options": true,
                    "credit_specification": [],
                    "disable_api_stop": true,
                    "disable_api_termination": true,
                    "ebs_block_device": true,
                    "ebs_optimized": true,
                    "enable_primary_ipv6": true,
                    "enclave_options": true,
                    "ephemeral_block_device": true,
                    "host_id": true,
                    "host_resource_group_arn": true,
                    "iam_instance_profile": true,
                    "id": true,
                    "instance_initiated_shutdown_behavior": true,
                    "instance_lifecycle": true,
                    "instance_market_options": true,
                    "instance_state": true,
                    "ipv6_address_count": true,
                    "ipv6_addresses": true,
                    "launch_template": [],
                    "maintenance_options": true,
                    "metadata_options": true,
                    "monitoring": true,
                    "network_interface": true,
                    "outpost_arn": true,
                    "password_data": true,
                    "placement_group": true,
                    "placement_group_id": true,
                    "placement_partition_number": true,
                    "primary_network_interface": true,
                    "primary_network_interface_id": true,
                    "private_dns": true,
                    "private_dns_name_options": true,
                    "private_ip": true,
                    "public_dns": true,
                    "public_ip": true,
                    "root_block_device": true,
                    "secondary_private_ips": true,
                    "security_groups": true,
                    "spot_instance_request_id": true,
                    "subnet_id": true,
                    "tags": {},
                    "tags_all": {},
                    "tenancy": true,
                    "user_data_base64": true,
                    "vpc_security_group_ids": true
                },
                "before_sensitive": false,
                "after_sensitive": {
                    "capacity_reservation_specification": [],
                    "cpu_options": [],
                    "credit_specification": [],
                    "ebs_block_device": [],
                    "enclave_options": [],
                    "ephemeral_block_device": [],
                    "instance_market_options": [],
                    "ipv6_addresses": [],
                    "launch_template": [],
                    "maintenance_options": [],
                    "metadata_options": [],
                    "network_interface": [],
                    "primary_network_interface": [],
                    "private_dns_name_options": [],
                    "root_block_device": [],
                    "secondary_private_ips": [],
                    "security_groups": [],
                    "tags": {},
                    "tags_all": {},
                    "vpc_security_group_ids": []
                },
                "after_identity": {
                    "account_id": null,
                    "id": null,
                    "region": null
                }
            }
        },
        {
            "address": "module.ec2-instance.aws_iam_instance_profile.ec2_instance_profile",
            "module_address": "module.ec2-instance",
            "mode": "managed",
            "type": "aws_iam_instance_profile",
            "name": "ec2_instance_profile",
            "provider_name": "registry.terraform.io/hashicorp/aws",
            "change": {
                "actions": [
                    "create"
                ],
                "before": null,
                "after": {
                    "name": "ec2-instance-profile-staging",
                    "path": "/",
                    "role": "ec2-iam-role-staging",
                    "tags": {
                        "Name": "ec2-instance-profile-staging",
                        "environment": "staging"
                    },
                    "tags_all": {
                        "Name": "ec2-instance-profile-staging",
                        "environment": "staging"
                    }
                },
                "after_unknown": {
                    "arn": true,
                    "create_date": true,
                    "id": true,
                    "name_prefix": true,
                    "tags": {},
                    "tags_all": {},
                    "unique_id": true
                },
                "before_sensitive": false,
                "after_sensitive": {
                    "tags": {},
                    "tags_all": {}
                }
            }
        },
        {
            "address": "module.ec2-instance.aws_iam_role.ec2_iam_role",
            "module_address": "module.ec2-instance",
            "mode": "managed",
            "type": "aws_iam_role",
            "name": "ec2_iam_role",
            "provider_name": "registry.terraform.io/hashicorp/aws",
            "change": {
                "actions": [
                    "create"
                ],
                "before": null,
                "after": {
                    "assume_role_policy": "{\"Statement\":[{\"Action\":\"sts:AssumeRole\",\"Effect\":\"Allow\",\"Principal\":{\"Service\":\"ec2.amazonaws.com\"},\"Sid\":\"\"}],\"Version\":\"2012-10-17\"}",
                    "description": null,
                    "force_detach_policies": false,
                    "max_session_duration": 3600,
                    "name": "ec2-iam-role-staging",
                    "path": "/",
                    "permissions_boundary": null,
                    "tags": {
                        "Name": "ec2-iam-role-staging",
                        "environment": "staging"
                    },
                    "tags_all": {
                        "Name": "ec2-iam-role-staging",
                        "environment": "staging"
                    }
                },
                "after_unknown": {
                    "arn": true,
                    "create_date": true,
                    "id": true,
                    "inline_policy": true,
                    "managed_policy_arns": true,
                    "name_prefix": true,
                    "tags": {},
                    "tags_all": {},
                    "unique_id": true
                },
                "before_sensitive": false,
                "after_sensitive": {
                    "inline_policy": [],
                    "managed_policy_arns": [],
                    "tags": {},
                    "tags_all": {}
                },
                "after_identity": {
                    "account_id": null,
                    "name": null
                }
            }
        },
        {
            "address": "module.ec2-instance.aws_iam_role_policy_attachment.attach_ssm_policy",
            "module_address": "module.ec2-instance",
            "mode": "managed",
            "type": "aws_iam_role_policy_attachment",
            "name": "attach_ssm_policy",
            "provider_name": "registry.terraform.io/hashicorp/aws",
            "change": {
                "actions": [
                    "create"
                ],
                "before": null,
                "after": {
                    "policy_arn": "arn:aws:iam::aws:policy/AmazonSSMManagedInstanceCore",
                    "role": "ec2-iam-role-staging"
                },
                "after_unknown": {
                    "id": true
                },
                "before_sensitive": false,
                "after_sensitive": {},
                "after_identity": {
                    "account_id": null,
                    "policy_arn": null,
                    "role": null
                }
            }
        },
        {
            "address": "module.ec2-instance.aws_instance.ec2_instance",
            "module_address": "module.ec2-instance",
            "mode": "managed",
            "type": "aws_instance",
            "name": "ec2_instance",
            "provider_name": "registry.terraform.io/hashicorp/aws",
            "change": {
                "actions": [
                    "create"
                ],
                "before": null,
                "after": {
                    "ami": "ami-081ff4b9aa4e81a08",
                    "credit_specification": [],
                    "force_destroy": false,
                    "get_password_data": false,
                    "hibernation": null,
                    "instance_type": "t2.micro",
                    "key_name": "test.pem",
                    "launch_template": [],
                    "region": "eu-west-1",
                    "source_dest_check": true,
                    "tags": {
                        "Name": "ec2-instance-staging",
                        "environment": "staging"
                    },
                    "tags_all": {
                        "Name": "ec2-instance-staging",
                        "environment": "staging"
                    },
                    "timeouts": null,
                    "user_data": null,
                    "user_data_replace_on_change": false,
                    "volume_tags": null
                },
                "after_unknown": {
                    "arn": true,
                    "associate_public_ip_address": true,
                    "availability_zone": true,
                    "capacity_reservation_specification": true,
                    "cpu_options": true,
                    "credit_specification": [],
                    "disable_api_stop": true,
                    "disable_api_termination": true,
                    "ebs_block_device": true,
                    "ebs_optimized": true,
                    "enable_primary_ipv6": true,
                    "enclave_options": true,
                    "ephemeral_block_device": true,
                    "host_id": true,
                    "host_resource_group_arn": true,
                    "iam_instance_profile": true,
                    "id": true,
                    "instance_initiated_shutdown_behavior": true,
                    "instance_lifecycle": true,
                    "instance_market_options": true,
                    "instance_state": true,
                    "ipv6_address_count": true,
                    "ipv6_addresses": true,
                    "launch_template": [],
                    "maintenance_options": true,
                    "metadata_options": true,
                    "monitoring": true,
                    "network_interface": true,
                    "outpost_arn": true,
                    "password_data": true,
                    "placement_group": true,
                    "placement_group_id": true,
                    "placement_partition_number": true,
                    "primary_network_interface": true,
                    "primary_network_interface_id": true,
                    "private_dns": true,
                    "private_dns_name_options": true,
                    "private_ip": true,
                    "public_dns": true,
                    "public_ip": true,
                    "root_block_device": true,
                    "secondary_private_ips": true,
                    "security_groups": true,
                    "spot_instance_request_id": true,
                    "subnet_id": true,
                    "tags": {},
                    "tags_all": {},
                    "tenancy": true,
                    "user_data_base64": true,
                    "vpc_security_group_ids": true
                },
                "before_sensitive": false,
                "after_sensitive": {
                    "capacity_reservation_specification": [],
                    "cpu_options": [],
                    "credit_specification": [],
                    "ebs_block_device": [],
                    "enclave_options": [],
                    "ephemeral_block_device": [],
                    "instance_market_options": [],
                    "ipv6_addresses": [],
                    "launch_template": [],
                    "maintenance_options": [],
                    "metadata_options": [],
                    "network_interface": [],
                    "primary_network_interface": [],
                    "private_dns_name_options": [],
                    "root_block_device": [],
                    "secondary_private_ips": [],
                    "security_groups": [],
                    "tags": {},
                    "tags_all": {},
                    "vpc_security_group_ids": []
                },
                "after_identity": {
                    "account_id": null,
                    "id": null,
                    "region": null
                }
            }
        },
        {
            "address": "module.private-vpc.aws_eip.nat_eip",
            "module_address": "module.private-vpc",
            "mode": "managed",
            "type": "aws_eip",
            "name": "nat_eip",
            "provider_name": "registry.terraform.io/hashicorp/aws",
            "change": {
                "actions": [
                    "create"
                ],
                "before": null,
                "after": {
                    "address": null,
                    "associate_with_private_ip": null,
                    "customer_owned_ipv4_pool": null,
                    "domain": "vpc",
                    "region": "eu-west-1",
                    "tags": {
                        "Name": "elastic-ip-nat-gw-staging",
                        "environment": "staging"
                    },
                    "tags_all": {
                        "Name": "elastic-ip-nat-gw-staging",
                        "environment": "staging"
                    },
                    "timeouts": null
                },
                "after_unknown": {
                    "allocation_id": true,
                    "arn": true,
                    "association_id": true,
                    "carrier_ip": true,
                    "customer_owned_ip": true,
                    "id": true,
                    "instance": true,
                    "ipam_pool_id": true,
                    "network_border_group": true,
                    "network_interface": true,
                    "private_dns": true,
                    "private_ip": true,
                    "ptr_record": true,
                    "public_dns": true,
                    "public_ip": true,
                    "public_ipv4_pool": true,
                    "tags": {},
                    "tags_all": {}
                },
                "before_sensitive": false,
                "after_sensitive": {
                    "tags": {},
                    "tags_all": {}
                }
            }
        },
        {
            "address": "module.private-vpc.aws_internet_gateway.vpc_gw",
            "module_address": "module.private-vpc",
            "mode": "managed",
            "type": "aws_internet_gateway",
            "name": "vpc_gw",
            "provider_name": "registry.terraform.io/hashicorp/aws",
            "change": {
                "actions": [
                    "create"
                ],
                "before": null,
                "after": {
                    "region": "eu-west-1",
                    "tags": {
                        "Name": "internet-gw-staging",
                        "environment": "staging"
                    },
                    "tags_all": {
                        "Name": "internet-gw-staging",
                        "environment": "staging"
                    },
                    "timeouts": null
                },
                "after_unknown": {
                    "arn": true,
                    "id": true,
                    "owner_id": true,
                    "tags": {},
                    "tags_all": {},
                    "vpc_id": true
                },
                "before_sensitive": false,
                "after_sensitive": {
                    "tags": {},
                    "tags_all": {}
                }
            }
        },
        {
            "address": "module.private-vpc.aws_nat_gateway.nat_gw",
            "module_address": "module.private-vpc",
            "mode": "managed",
            "type": "aws_nat_gateway",
            "name": "nat_gw",
            "provider_name": "registry.terraform.io/hashicorp/aws",
            "change": {
                "actions": [
                    "create"
                ],
                "before": null,
                "after": {
                    "connectivity_type": "public",
                    "region": "eu-west-1",
                    "tags": {
                        "Name": "nat-gw-staging",
                        "environment": "staging"
                    },
                    "tags_all": {
                        "Name": "nat-gw-staging",
                        "environment": "staging"
                    },
                    "timeouts": null
                },
                "after_unknown": {
                    "allocation_id": true,
                    "association_id": true,
                    "id": true,
                    "network_interface_id": true,
                    "private_ip": true,
                    "public_ip": true,
                    "secondary_allocation_ids": true,
                    "secondary_private_ip_address_count": true,
                    "secondary_private_ip_addresses": true,
                    "subnet_id": true,
                    "tags": {},
                    "tags_all": {}
                },
                "before_sensitive": false,
                "after_sensitive": {
                    "secondary_allocation_ids": [],
                    "secondary_private_ip_addresses": [],
                    "tags": {},
                    "tags_all": {}
                }
            }
        },
        {
            "address": "module.private-vpc.aws_route.private_nat_gateway",
            "module_address": "module.private-vpc",
            "mode": "managed",
            "type": "aws_route",
            "name": "private_nat_gateway",
            "provider_name": "registry.terraform.io/hashicorp/aws",
            "change": {
                "actions": [
                    "create"
                ],
                "before": null,
                "after": {
                    "carrier_gateway_id": null,
                    "core_network_arn": null,
                    "destination_cidr_block": "0.0.0.0/0",
                    "destination_ipv6_cidr_block": null,
                    "destination_prefix_list_id": null,
                    "egress_only_gateway_id": null,
                    "gateway_id": null,
                    "local_gateway_id": null,
                    "region": "eu-west-1",
                    "timeouts": null,
                    "transit_gateway_id": null,
                    "vpc_endpoint_id": null,
                    "vpc_peering_connection_id": null
                },
                "after_unknown": {
                    "id": true,
                    "instance_id": true,
                    "instance_owner_id": true,
                    "nat_gateway_id": true,
                    "network_interface_id": true,
                    "origin": true,
                    "route_table_id": true,
                    "state": true
                },
                "before_sensitive": false,
                "after_sensitive": {},
                "after_identity": {
                    "account_id": null,
                    "destination_cidr_block": null,
                    "destination_ipv6_cidr_block": null,
                    "destination_prefix_list_id": null,
                    "region": null,
                    "route_table_id": null
                }
            }
        },
        {
            "address": "module.private-vpc.aws_route.public_internet_gateway",
            "module_address": "module.private-vpc",
            "mode": "managed",
            "type": "aws_route",
            "name": "public_internet_gateway",
            "provider_name": "registry.terraform.io/hashicorp/aws",
            "change": {
                "actions": [
                    "create"
                ],
                "before": null,
                "after": {
                    "carrier_gateway_id": null,
                    "core_network_arn": null,
                    "destination_cidr_block": "0.0.0.0/0",
                    "destination_ipv6_cidr_block": null,
                    "destination_prefix_list_id": null,
                    "egress_only_gateway_id": null,
                    "local_gateway_id": null,
                    "nat_gateway_id": null,
                    "region": "eu-west-1",
                    "timeouts": null,
                    "transit_gateway_id": null,
                    "vpc_endpoint_id": null,
                    "vpc_peering_connection_id": null
                },
                "after_unknown": {
                    "gateway_id": true,
                    "id": true,
                    "instance_id": true,
                    "instance_owner_id": true,
                    "network_interface_id": true,
                    "origin": true,
                    "route_table_id": true,
                    "state": true
                },
                "before_sensitive": false,
                "after_sensitive": {},
                "after_identity": {
                    "account_id": null,
                    "destination_cidr_block": null,
                    "destination_ipv6_cidr_block": null,
                    "destination_prefix_list_id": null,
                    "region": null,
                    "route_table_id": null
                }
            }
        },
        {
            "address": "module.private-vpc.aws_route_table.vpc_private_rt",
            "module_address": "module.private-vpc",
            "mode": "managed",
            "type": "aws_route_table",
            "name": "vpc_private_rt",
            "provider_name": "registry.terraform.io/hashicorp/aws",
            "change": {
                "actions": [
                    "create"
                ],
                "before": null,
                "after": {
                    "region": "eu-west-1",
                    "tags": {
                        "Name": "private-rt-staging",
                        "environment": "staging"
                    },
                    "tags_all": {
                        "Name": "private-rt-staging",
                        "environment": "staging"
                    },
                    "timeouts": null
                },
                "after_unknown": {
                    "arn": true,
                    "id": true,
                    "owner_id": true,
                    "propagating_vgws": true,
                    "route": true,
                    "tags": {},
                    "tags_all": {},
                    "vpc_id": true
                },
                "before_sensitive": false,
                "after_sensitive": {
                    "propagating_vgws": [],
                    "route": [],
                    "tags": {},
                    "tags_all": {}
                },
                "after_identity": {
                    "account_id": null,
                    "id": null,
                    "region": null
                }
            }
        },
        {
            "address": "module.private-vpc.aws_route_table.vpc_public_rt",
            "module_address": "module.private-vpc",
            "mode": "managed",
            "type": "aws_route_table",
            "name": "vpc_public_rt",
            "provider_name": "registry.terraform.io/hashicorp/aws",
            "change": {
                "actions": [
                    "create"
                ],
                "before": null,
                "after": {
                    "region": "eu-west-1",
                    "tags": {
                        "Name": "public-rt-staging",
                        "environment": "staging"
                    },
                    "tags_all": {
                        "Name": "public-rt-staging",
                        "environment": "staging"
                    },
                    "timeouts": null
                },
                "after_unknown": {
                    "arn": true,
                    "id": true,
                    "owner_id": true,
                    "propagating_vgws": true,
                    "route": true,
                    "tags": {},
                    "tags_all": {},
                    "vpc_id": true
                },
                "before_sensitive": false,
                "after_sensitive": {
                    "propagating_vgws": [],
                    "route": [],
                    "tags": {},
                    "tags_all": {}
                },
                "after_identity": {
                    "account_id": null,
                    "id": null,
                    "region": null
                }
            }
        },
        {
            "address": "module.private-vpc.aws_route_table_association.private[0]",
            "module_address": "module.private-vpc",
            "mode": "managed",
            "type": "aws_route_table_association",
            "name": "private",
            "index": 0,
            "provider_name": "registry.terraform.io/hashicorp/aws",
            "change": {
                "actions": [
                    "create"
                ],
                "before": null,
                "after": {
                    "gateway_id": null,
                    "region": "eu-west-1",
                    "timeouts": null
                },
                "after_unknown": {
                    "id": true,
                    "route_table_id": true,
                    "subnet_id": true
                },
                "before_sensitive": false,
                "after_sensitive": {}
            }
        },
        {
            "address": "module.private-vpc.aws_route_table_association.private[1]",
            "module_address": "module.private-vpc",
            "mode": "managed",
            "type": "aws_route_table_association",
            "name": "private",
            "index": 1,
            "provider_name": "registry.terraform.io/hashicorp/aws",
            "change": {
                "actions": [
                    "create"
                ],
                "before": null,
                "after": {
                    "gateway_id": null,
                    "region": "eu-west-1",
                    "timeouts": null
                },
                "after_unknown": {
                    "id": true,
                    "route_table_id": true,
                    "subnet_id": true
                },
                "before_sensitive": false,
                "after_sensitive": {}
            }
        },
        {
            "address": "module.private-vpc.aws_route_table_association.private[2]",
            "module_address": "module.private-vpc",
            "mode": "managed",
            "type": "aws_route_table_association",
            "name": "private",
            "index": 2,
            "provider_name": "registry.terraform.io/hashicorp/aws",
            "change": {
                "actions": [
                    "create"
                ],
                "before": null,
                "after": {
                    "gateway_id": null,
                    "region": "eu-west-1",
                    "timeouts": null
                },
                "after_unknown": {
                    "id": true,
                    "route_table_id": true,
                    "subnet_id": true
                },
                "before_sensitive": false,
                "after_sensitive": {}
            }
        },
        {
            "address": "module.private-vpc.aws_route_table_association.public[0]",
            "module_address": "module.private-vpc",
            "mode": "managed",
            "type": "aws_route_table_association",
            "name": "public",
            "index": 0,
            "provider_name": "registry.terraform.io/hashicorp/aws",
            "change": {
                "actions": [
                    "create"
                ],
                "before": null,
                "after": {
                    "gateway_id": null,
                    "region": "eu-west-1",
                    "timeouts": null
                },
                "after_unknown": {
                    "id": true,
                    "route_table_id": true,
                    "subnet_id": true
                },
                "before_sensitive": false,
                "after_sensitive": {}
            }
        },
        {
            "address": "module.private-vpc.aws_route_table_association.public[1]",
            "module_address": "module.private-vpc",
            "mode": "managed",
            "type": "aws_route_table_association",
            "name": "public",
            "index": 1,
            "provider_name": "registry.terraform.io/hashicorp/aws",
            "change": {
                "actions": [
                    "create"
                ],
                "before": null,
                "after": {
                    "gateway_id": null,
                    "region": "eu-west-1",
                    "timeouts": null
                },
                "after_unknown": {
                    "id": true,
                    "route_table_id": true,
                    "subnet_id": true
                },
                "before_sensitive": false,
                "after_sensitive": {}
            }
        },
        {
            "address": "module.private-vpc.aws_route_table_association.public[2]",
            "module_address": "module.private-vpc",
            "mode": "managed",
            "type": "aws_route_table_association",
            "name": "public",
            "index": 2,
            "provider_name": "registry.terraform.io/hashicorp/aws",
            "change": {
                "actions": [
                    "create"
                ],
                "before": null,
                "after": {
                    "gateway_id": null,
                    "region": "eu-west-1",
                    "timeouts": null
                },
                "after_unknown": {
                    "id": true,
                    "route_table_id": true,
                    "subnet_id": true
                },
                "before_sensitive": false,
                "after_sensitive": {}
            }
        },
        {
            "address": "module.private-vpc.aws_security_group.allow-strict",
            "module_address": "module.private-vpc",
            "mode": "managed",
            "type": "aws_security_group",
            "name": "allow-strict",
            "provider_name": "registry.terraform.io/hashicorp/aws",
            "change": {
                "actions": [
                    "create"
                ],
                "before": null,
                "after": {
                    "description": "security group that allows ssh and all egress traffic",
                    "egress": [
                        {
                            "cidr_blocks": [
                                "0.0.0.0/0"
                            ],
                            "description": "",
                            "from_port": 0,
                            "ipv6_cidr_blocks": [],
                            "prefix_list_ids": [],
                            "protocol": "-1",
                            "security_groups": [],
                            "self": false,
                            "to_port": 0
                        }
                    ],
                    "ingress": [
                        {
                            "cidr_blocks": [],
                            "description": "",
                            "from_port": 0,
                            "ipv6_cidr_blocks": [],
                            "prefix_list_ids": [],
                            "protocol": "-1",
                            "security_groups": [],
                            "self": true,
                            "to_port": 0
                        }
                    ],
                    "name": "allow-strict",
                    "region": "eu-west-1",
                    "revoke_rules_on_delete": false,
                    "tags": {
                        "Name": "sg-allow-strict-staging",
                        "environment": "staging"
                    },
                    "tags_all": {
                        "Name": "sg-allow-strict-staging",
                        "environment": "staging"
                    },
                    "timeouts": null
                },
                "after_unknown": {
                    "arn": true,
                    "egress": [
                        {
                            "cidr_blocks": [
                                false
                            ],
                            "ipv6_cidr_blocks": [],
                            "prefix_list_ids": [],
                            "security_groups": []
                        }
                    ],
                    "id": true,
                    "ingress": [
                        {
                            "cidr_blocks": [],
                            "ipv6_cidr_blocks": [],
                            "prefix_list_ids": [],
                            "security_groups": []
                        }
                    ],
                    "name_prefix": true,
                    "owner_id": true,
                    "tags": {},
                    "tags_all": {},
                    "vpc_id": true
                },
                "before_sensitive": false,
                "after_sensitive": {
                    "egress": [
                        {
                            "cidr_blocks": [
                                false
                            ],
                            "ipv6_cidr_blocks": [],
                            "prefix_list_ids": [],
                            "security_groups": []
                        }
                    ],
                    "ingress": [
                        {
                            "cidr_blocks": [],
                            "ipv6_cidr_blocks": [],
                            "prefix_list_ids": [],
                            "security_groups": []
                        }
                    ],
                    "tags": {},
                    "tags_all": {}
                },
                "after_identity": {
                    "account_id": null,
                    "id": null,
                    "region": null
                }
            }
        },
        {
            "address": "module.private-vpc.aws_security_group_rule.ingress_ssh[0]",
            "module_address": "module.private-vpc",
            "mode": "managed",
            "type": "aws_security_group_rule",
            "name": "ingress_ssh",
            "index": 0,
            "provider_name": "registry.terraform.io/hashicorp/aws",
            "change": {
                "actions": [
                    "create"
                ],
                "before": null,
                "after": {
                    "cidr_blocks": [
                        "162.120.188.0/24"
                    ],
                    "description": null,
                    "from_port": 22,
                    "ipv6_cidr_blocks": null,
                    "prefix_list_ids": null,
                    "protocol": "tcp",
                    "region": "eu-west-1",
                    "self": false,
                    "timeouts": null,
                    "to_port": 22,
                    "type": "ingress"
                },
                "after_unknown": {
                    "cidr_blocks": [
                        false
                    ],
                    "id": true,
                    "security_group_id": true,
                    "security_group_rule_id": true,
                    "source_security_group_id": true
                },
                "before_sensitive": false,
                "after_sensitive": {
                    "cidr_blocks": [
                        false
                    ]
                }
            }
        },
        {
            "address": "module.private-vpc.aws_subnet.private_subnets[0]",
            "module_address": "module.private-vpc",
            "mode": "managed",
            "type": "aws_subnet",
            "name": "private_subnets",
            "index": 0,
            "provider_name": "registry.terraform.io/hashicorp/aws",
            "change": {
                "actions": [
                    "create"
                ],
                "before": null,
                "after": {
                    "assign_ipv6_address_on_creation": false,
                    "availability_zone_id": "euw1-az2",
                    "cidr_block": "172.68.3.0/24",
                    "customer_owned_ipv4_pool": null,
                    "enable_dns64": false,
                    "enable_lni_at_device_index": null,
                    "enable_resource_name_dns_a_record_on_launch": true,
                    "enable_resource_name_dns_aaaa_record_on_launch": false,
                    "ipv6_cidr_block": null,
                    "ipv6_native": false,
                    "map_customer_owned_ip_on_launch": null,
                    "map_public_ip_on_launch": false,
                    "outpost_arn": null,
                    "private_dns_hostname_type_on_launch": "resource-name",
                    "region": "eu-west-1",
                    "tags": {
                        "Name": "private-subnet-eu-west-1a-staging",
                        "environment": "staging"
                    },
                    "tags_all": {
                        "Name": "private-subnet-eu-west-1a-staging",
                        "environment": "staging"
                    },
                    "timeouts": null
                },
                "after_unknown": {
                    "arn": true,
                    "availability_zone": true,
                    "id": true,
                    "ipv6_cidr_block_association_id": true,
                    "owner_id": true,
                    "tags": {},
                    "tags_all": {},
                    "vpc_id": true
                },
                "before_sensitive": false,
                "after_sensitive": {
                    "tags": {},
                    "tags_all": {}
                },
                "after_identity": {
                    "account_id": null,
                    "id": null,
                    "region": null
                }
            }
        },
        {
            "address": "module.private-vpc.aws_subnet.private_subnets[1]",
            "module_address": "module.private-vpc",
            "mode": "managed",
            "type": "aws_subnet",
            "name": "private_subnets",
            "index": 1,
            "provider_name": "registry.terraform.io/hashicorp/aws",
            "change": {
                "actions": [
                    "create"
                ],
                "before": null,
                "after": {
                    "assign_ipv6_address_on_creation": false,
                    "availability_zone_id": "euw1-az3",
                    "cidr_block": "172.68.4.0/24",
                    "customer_owned_ipv4_pool": null,
                    "enable_dns64": false,
                    "enable_lni_at_device_index": null,
                    "enable_resource_name_dns_a_record_on_launch": true,
                    "enable_resource_name_dns_aaaa_record_on_launch": false,
                    "ipv6_cidr_block": null,
                    "ipv6_native": false,
                    "map_customer_owned_ip_on_launch": null,
                    "map_public_ip_on_launch": false,
                    "outpost_arn": null,
                    "private_dns_hostname_type_on_launch": "resource-name",
                    "region": "eu-west-1",
                    "tags": {
                        "Name": "private-subnet-eu-west-1b-staging",
                        "environment": "staging"
                    },
                    "tags_all": {
                        "Name": "private-subnet-eu-west-1b-staging",
                        "environment": "staging"
                    },
                    "timeouts": null
                },
                "after_unknown": {
                    "arn": true,
                    "availability_zone": true,
                    "id": true,
                    "ipv6_cidr_block_association_id": true,
                    "owner_id": true,
                    "tags": {},
                    "tags_all": {},
                    "vpc_id": true
                },
                "before_sensitive": false,
                "after_sensitive": {
                    "tags": {},
                    "tags_all": {}
                },
                "after_identity": {
                    "account_id": null,
                    "id": null,
                    "region": null
                }
            }
        },
        {
            "address": "module.private-vpc.aws_subnet.private_subnets[2]",
            "module_address": "module.private-vpc",
            "mode": "managed",
            "type": "aws_subnet",
            "name": "private_subnets",
            "index": 2,
            "provider_name": "registry.terraform.io/hashicorp/aws",
            "change": {
                "actions": [
                    "create"
                ],
                "before": null,
                "after": {
                    "assign_ipv6_address_on_creation": false,
                    "availability_zone_id": "euw1-az1",
                    "cidr_block": "172.68.5.0/24",
                    "customer_owned_ipv4_pool": null,
                    "enable_dns64": false,
                    "enable_lni_at_device_index": null,
                    "enable_resource_name_dns_a_record_on_launch": true,
                    "enable_resource_name_dns_aaaa_record_on_launch": false,
                    "ipv6_cidr_block": null,
                    "ipv6_native": false,
                    "map_customer_owned_ip_on_launch": null,
                    "map_public_ip_on_launch": false,
                    "outpost_arn": null,
                    "private_dns_hostname_type_on_launch": "resource-name",
                    "region": "eu-west-1",
                    "tags": {
                        "Name": "private-subnet-eu-west-1c-staging",
                        "environment": "staging"
                    },
                    "tags_all": {
                        "Name": "private-subnet-eu-west-1c-staging",
                        "environment": "staging"
                    },
                    "timeouts": null
                },
                "after_unknown": {
                    "arn": true,
                    "availability_zone": true,
                    "id": true,
                    "ipv6_cidr_block_association_id": true,
                    "owner_id": true,
                    "tags": {},
                    "tags_all": {},
                    "vpc_id": true
                },
                "before_sensitive": false,
                "after_sensitive": {
                    "tags": {},
                    "tags_all": {}
                },
                "after_identity": {
                    "account_id": null,
                    "id": null,
                    "region": null
                }
            }
        },
        {
            "address": "module.private-vpc.aws_subnet.public_subnets[0]",
            "module_address": "module.private-vpc",
            "mode": "managed",
            "type": "aws_subnet",
            "name": "public_subnets",
            "index": 0,
            "provider_name": "registry.terraform.io/hashicorp/aws",
            "change": {
                "actions": [
                    "create"
                ],
                "before": null,
                "after": {
                    "assign_ipv6_address_on_creation": false,
                    "availability_zone_id": "euw1-az2",
                    "cidr_block": "172.68.0.0/24",
                    "customer_owned_ipv4_pool": null,
                    "enable_dns64": false,
                    "enable_lni_at_device_index": null,
                    "enable_resource_name_dns_a_record_on_launch": true,
                    "enable_resource_name_dns_aaaa_record_on_launch": false,
                    "ipv6_cidr_block": null,
                    "ipv6_native": false,
                    "map_customer_owned_ip_on_launch": null,
                    "map_public_ip_on_launch": true,
                    "outpost_arn": null,
                    "private_dns_hostname_type_on_launch": "resource-name",
                    "region": "eu-west-1",
                    "tags": {
                        "Name": "public-subnet-eu-west-1a-staging",
                        "environment": "staging"
                    },
                    "tags_all": {
                        "Name": "public-subnet-eu-west-1a-staging",
                        "environment": "staging"
                    },
                    "timeouts": null
                },
                "after_unknown": {
                    "arn": true,
                    "availability_zone": true,
                    "id": true,
                    "ipv6_cidr_block_association_id": true,
                    "owner_id": true,
                    "tags": {},
                    "tags_all": {},
                    "vpc_id": true
                },
                "before_sensitive": false,
                "after_sensitive": {
                    "tags": {},
                    "tags_all": {}
                },
                "after_identity": {
                    "account_id": null,
                    "id": null,
                    "region": null
                }
            }
        },
        {
            "address": "module.private-vpc.aws_subnet.public_subnets[1]",
            "module_address": "module.private-vpc",
            "mode": "managed",
            "type": "aws_subnet",
            "name": "public_subnets",
            "index": 1,
            "provider_name": "registry.terraform.io/hashicorp/aws",
            "change": {
                "actions": [
                    "create"
                ],
                "before": null,
                "after": {
                    "assign_ipv6_address_on_creation": false,
                    "availability_zone_id": "euw1-az3",
                    "cidr_block": "172.68.1.0/24",
                    "customer_owned_ipv4_pool": null,
                    "enable_dns64": false,
                    "enable_lni_at_device_index": null,
                    "enable_resource_name_dns_a_record_on_launch": true,
                    "enable_resource_name_dns_aaaa_record_on_launch": false,
                    "ipv6_cidr_block": null,
                    "ipv6_native": false,
                    "map_customer_owned_ip_on_launch": null,
                    "map_public_ip_on_launch": true,
                    "outpost_arn": null,
                    "private_dns_hostname_type_on_launch": "resource-name",
                    "region": "eu-west-1",
                    "tags": {
                        "Name": "public-subnet-eu-west-1b-staging",
                        "environment": "staging"
                    },
                    "tags_all": {
                        "Name": "public-subnet-eu-west-1b-staging",
                        "environment": "staging"
                    },
                    "timeouts": null
                },
                "after_unknown": {
                    "arn": true,
                    "availability_zone": true,
                    "id": true,
                    "ipv6_cidr_block_association_id": true,
                    "owner_id": true,
                    "tags": {},
                    "tags_all": {},
                    "vpc_id": true
                },
                "before_sensitive": false,
                "after_sensitive": {
                    "tags": {},
                    "tags_all": {}
                },
                "after_identity": {
                    "account_id": null,
                    "id": null,
                    "region": null
                }
            }
        },
        {
            "address": "module.private-vpc.aws_subnet.public_subnets[2]",
            "module_address": "module.private-vpc",
            "mode": "managed",
            "type": "aws_subnet",
            "name": "public_subnets",
            "index": 2,
            "provider_name": "registry.terraform.io/hashicorp/aws",
            "change": {
                "actions": [
                    "create"
                ],
                "before": null,
                "after": {
                    "assign_ipv6_address_on_creation": false,
                    "availability_zone_id": "euw1-az1",
                    "cidr_block": "172.68.2.0/24",
                    "customer_owned_ipv4_pool": null,
                    "enable_dns64": false,
                    "enable_lni_at_device_index": null,
                    "enable_resource_name_dns_a_record_on_launch": true,
                    "enable_resource_name_dns_aaaa_record_on_launch": false,
                    "ipv6_cidr_block": null,
                    "ipv6_native": false,
                    "map_customer_owned_ip_on_launch": null,
                    "map_public_ip_on_launch": true,
                    "outpost_arn": null,
                    "private_dns_hostname_type_on_launch": "resource-name",
                    "region": "eu-west-1",
                    "tags": {
                        "Name": "public-subnet-eu-west-1c-staging",
                        "environment": "staging"
                    },
                    "tags_all": {
                        "Name": "public-subnet-eu-west-1c-staging",
                        "environment": "staging"
                    },
                    "timeouts": null
                },
                "after_unknown": {
                    "arn": true,
                    "availability_zone": true,
                    "id": true,
                    "ipv6_cidr_block_association_id": true,
                    "owner_id": true,
                    "tags": {},
                    "tags_all": {},
                    "vpc_id": true
                },
                "before_sensitive": false,
                "after_sensitive": {
                    "tags": {},
                    "tags_all": {}
                },
                "after_identity": {
                    "account_id": null,
                    "id": null,
                    "region": null
                }
            }
        },
        {
            "address": "module.private-vpc.aws_vpc.main_vpc",
            "module_address": "module.private-vpc",
            "mode": "managed",
            "type": "aws_vpc",
            "name": "main_vpc",
            "provider_name": "registry.terraform.io/hashicorp/aws",
            "change": {
                "actions": [
                    "create"
                ],
                "before": null,
                "after": {
                    "assign_generated_ipv6_cidr_block": null,
                    "cidr_block": "172.68.0.0/16",
                    "enable_dns_hostnames": true,
                    "enable_dns_support": true,
                    "instance_tenancy": "default",
                    "ipv4_ipam_pool_id": null,
                    "ipv4_netmask_length": null,
                    "ipv6_ipam_pool_id": null,
                    "ipv6_netmask_length": null,
                    "region": "eu-west-1",
                    "tags": {
                        "Name": "vpc-eu-west-1-staging",
                        "environment": "staging"
                    },
                    "tags_all": {
                        "Name": "vpc-eu-west-1-staging",
                        "environment": "staging"
                    }
                },
                "after_unknown": {
                    "arn": true,
                    "default_network_acl_id": true,
                    "default_route_table_id": true,
                    "default_security_group_id": true,
                    "dhcp_options_id": true,
                    "enable_network_address_usage_metrics": true,
                    "id": true,
                    "ipv6_association_id": true,
                    "ipv6_cidr_block": true,
                    "ipv6_cidr_block_network_border_group": true,
                    "main_route_table_id": true,
                    "owner_id": true,
                    "tags": {},
                    "tags_all": {}
                },
                "before_sensitive": false,
                "after_sensitive": {
                    "tags": {},
                    "tags_all": {}
                },
                "after_identity": {
                    "account_id": null,
                    "id": null,
                    "region": null
                }
            }
        },
        {
            "address": "module.private-vpc.aws_vpc_dhcp_options.vpc_dhcp",
            "module_address": "module.private-vpc",
            "mode": "managed",
            "type": "aws_vpc_dhcp_options",
            "name": "vpc_dhcp",
            "provider_name": "registry.terraform.io/hashicorp/aws",
            "change": {
                "actions": [
                    "create"
                ],
                "before": null,
                "after": {
                    "domain_name": "eu-west-1-aws-cloud.compute.internal",
                    "domain_name_servers": [
                        "AmazonProvidedDNS"
                    ],
                    "ipv6_address_preferred_lease_time": null,
                    "netbios_name_servers": null,
                    "netbios_node_type": null,
                    "ntp_servers": null,
                    "region": "eu-west-1",
                    "tags": {
                        "Name": "dhcp-options-staging",
                        "environment": "staging"
                    },
                    "tags_all": {
                        "Name": "dhcp-options-staging",
                        "environment": "staging"
                    }
                },
                "after_unknown": {
                    "arn": true,
                    "domain_name_servers": [
                        false
                    ],
                    "id": true,
                    "owner_id": true,
                    "tags": {},
                    "tags_all": {}
                },
                "before_sensitive": false,
                "after_sensitive": {
                    "domain_name_servers": [
                        false
                    ],
                    "tags": {},
                    "tags_all": {}
                }
            }
        },
        {
            "address": "module.private-vpc.aws_vpc_dhcp_options_association.dns_resolver",
            "module_address": "module.private-vpc",
            "mode": "managed",
            "type": "aws_vpc_dhcp_options_association",
            "name": "dns_resolver",
            "provider_name": "registry.terraform.io/hashicorp/aws",
            "change": {
                "actions": [
                    "create"
                ],
                "before": null,
                "after": {
                    "region": "eu-west-1"
                },
                "after_unknown": {
                    "dhcp_options_id": true,
                    "id": true,
                    "vpc_id": true
                },
                "before_sensitive": false,
                "after_sensitive": {}
            }
        }
    ],
    "output_changes": {
        "bastion_host_ip": {
            "actions": [
                "create"
            ],
            "before": null,
            "after": [
                null
            ],
            "after_unknown": [
                true
            ],
            "before_sensitive": false,
            "after_sensitive": false
        },
        "ec2_instance_ip": {
            "actions": [
                "create"
            ],
            "before": null,
            "after": [
                null
            ],
            "after_unknown": [
                true
            ],
            "before_sensitive": false,
            "after_sensitive": false
        },
        "private_subnets_ids": {
            "actions": [
                "create"
            ],
            "before": null,
            "after": [
                null,
                null,
                null
            ],
            "after_unknown": [
                true,
                true,
                true
            ],
            "before_sensitive": false,
            "after_sensitive": false
        },
        "public_subnets_ids": {
            "actions": [
                "create"
            ],
            "before": null,
            "after": [
                null,
                null,
                null
            ],
            "after_unknown": [
                true,
                true,
                true
            ],
            "before_sensitive": false,
            "after_sensitive": false
        },
        "security_group_id": {
            "actions": [
                "create"
            ],
            "before": null,
            "after_unknown": true,
            "before_sensitive": false,
            "after_sensitive": false
        },
        "vpc_id": {
            "actions": [
                "create"
            ],
            "before": null,
            "after_unknown": true,
            "before_sensitive": false,
            "after_sensitive": false
        }
    },
    "prior_state": {
        "format_version": "1.0",
        "terraform_version": "1.13.3",
        "values": {
            "root_module": {
                "child_modules": [
                    {
                        "resources": [
                            {
                                "address": "module.bastion-host.data.template_cloudinit_config.bastion_host",
                                "mode": "data",
                                "type": "template_cloudinit_config",
                                "name": "bastion_host",
                                "provider_name": "registry.terraform.io/hashicorp/template",
                                "schema_version": 0,
                                "values": {
                                    "base64_encode": true,
                                    "gzip": true,
                                    "id": "3477954204",
                                    "part": [
                                        {
                                            "content": "#cloud-config\n\nruncmd:\n- echo \"Done\"",
                                            "content_type": "text/cloud-config",
                                            "filename": "init.cfg",
                                            "merge_type": ""
                                        },
                                        {
                                            "content": "#!/bin/bash\n\ngroupadd bastion\nuseradd -d /home/bastion -r -g bastion bastion\nmkdir -p /home/bastion/.ssh\ntouch /home/bastion/.ssh/authorized_keys\n\necho \"\" \u003e\u003e /home/bastion/.ssh/authorized_keys\n\nchown -R bastion:bastion /home/bastion/\nchmod 400 /home/bastion/.ssh/authorized_keys\n\ncat \u003c\u003cEOD \u003e\u003e /etc/ssh/sshd_config \nMatch Group bastion\n   AllowAgentForwarding no\n   AllowTcpForwarding yes\n   X11Forwarding no\n   PermitTunnel no\n   GatewayPorts no\n   ForceCommand echo 'This account can only be used for ProxyJump (ssh -J)'\nEOD\n\nsystemctl restart sshd.service",
                                            "content_type": "text/x-shellscript",
                                            "filename": "",
                                            "merge_type": ""
                                        }
                                    ],
                                    "rendered": "H4sIAAAAAAAA/5SST2sbMRDF7wJ/h+n2kPYgbwKFgvMH0tgJDbgJwS3tKcjS2BJZaRbNqPb205dNYtdpGkiP0vvN8ObNnFESTKJnXYsjiKWR0JosdQxrdIcwp5Kcyd1xNf08nXy6+vplfHrzo1L9S3/DzIHSCA6G+wM1UFrvQgO16T0O3BIHuWeNiLE+YpJDWIQGk4l4XIUUZGgXy+pP1SybxAvMepIsuZCWI/g4D7ID3FsWXEttGypOW0qLsByoaYj4zNzbXUapXJKNbqQ0oPUE1ZgSVi+P8D9m1po9Ng3bHFp5yc2beh5SPTfslVpmKq1xDuaG+5BUYcz9WzuoPUWsHwXQGfRyg23xeOdCBt0+heshs1dCxfp/CLUp4imHX+hu77BjpR5yqODk5FW49bRKoG82LkYbV0+LlfWRHHzY339dVyNwdDS5Gt/bQLF1jzF7d/uwOVBTI9bDRZ/ZNgEAOG0aWp0uMck55ZXJ/ZIg0Vaa2XZH6JB75fvBwTP6GnMMMispYfP4dWEEV6a7piz8+HVO2eIZxWiSezihvZkPDMZaKknAmgSUmg7mCIXRwYIyXGdad5cltvCO2YO+fL+nJldjpbhjwWilgYwsJgv0Iw8Z889g8e+z1HqgfgcAAP//hqmfAbgDAAA="
                                },
                                "sensitive_values": {
                                    "part": [
                                        {},
                                        {}
                                    ]
                                }
                            }
                        ],
                        "address": "module.bastion-host"
                    },
                    {
                        "resources": [
                            {
                                "address": "module.ec2-instance.data.aws_iam_policy.AmazonSSMManagedInstanceCore",
                                "mode": "data",
                                "type": "aws_iam_policy",
                                "name": "AmazonSSMManagedInstanceCore",
                                "provider_name": "registry.terraform.io/hashicorp/aws",
                                "schema_version": 0,
                                "values": {
                                    "arn": "arn:aws:iam::aws:policy/AmazonSSMManagedInstanceCore",
                                    "attachment_count": 0,
                                    "description": "The policy for Amazon EC2 Role to enable AWS Systems Manager service core functionality.",
                                    "id": "arn:aws:iam::aws:policy/AmazonSSMManagedInstanceCore",
                                    "name": "AmazonSSMManagedInstanceCore",
                                    "path": "/",
                                    "path_prefix": null,
                                    "policy": "{\"Statement\":[{\"Action\":[\"ssm:DescribeAssociation\",\"ssm:GetDeployablePatchSnapshotForInstance\",\"ssm:GetDocument\",\"ssm:DescribeDocument\",\"ssm:GetManifest\",\"ssm:GetParameter\",\"ssm:GetParameters\",\"ssm:ListAssociations\",\"ssm:ListInstanceAssociations\",\"ssm:PutInventory\",\"ssm:PutComplianceItems\",\"ssm:PutConfigurePackageResult\",\"ssm:UpdateAssociationStatus\",\"ssm:UpdateInstanceAssociationStatus\",\"ssm:UpdateInstanceInformation\"],\"Effect\":\"Allow\",\"Resource\":\"*\"},{\"Action\":[\"ssmmessages:CreateControlChannel\",\"ssmmessages:CreateDataChannel\",\"ssmmessages:OpenControlChannel\",\"ssmmessages:OpenDataChannel\"],\"Effect\":\"Allow\",\"Resource\":\"*\"},{\"Action\":[\"ec2messages:AcknowledgeMessage\",\"ec2messages:DeleteMessage\",\"ec2messages:FailMessage\",\"ec2messages:GetEndpoint\",\"ec2messages:GetMessages\",\"ec2messages:SendReply\"],\"Effect\":\"Allow\",\"Resource\":\"*\"}],\"Version\":\"2012-10-17\"}",
                                    "policy_id": "ANPAIXSHM2BNB2D3AXXRU",
                                    "tags": {}
                                },
                                "sensitive_values": {
                                    "tags": {}
                                }
                            }
                        ],
                        "address": "module.ec2-instance"
                    },
                    {
                        "resources": [
                            {
                                "address": "module.private-vpc.data.aws_availability_zones.available_az",
                                "mode": "data",
                                "type": "aws_availability_zones",
                                "name": "available_az",
                                "provider_name": "registry.terraform.io/hashicorp/aws",
                                "schema_version": 0,
                                "values": {
                                    "all_availability_zones": null,
                                    "exclude_names": null,
                                    "exclude_zone_ids": null,
                                    "filter": null,
                                    "group_names": [
                                        "eu-west-1-zg-1"
                                    ],
                                    "id": "eu-west-1",
                                    "names": [
                                        "eu-west-1a",
                                        "eu-west-1b",
                                        "eu-west-1c"
                                    ],
                                    "region": "eu-west-1",
                                    "state": "available",
                                    "timeouts": null,
                                    "zone_ids": [
                                        "euw1-az2",
                                        "euw1-az3",
                                        "euw1-az1"
                                    ]
                                },
                                "sensitive_values": {
                                    "group_names": [
                                        false
                                    ],
                                    "names": [
                                        false,
                                        false,
                                        false
                                    ],
                                    "zone_ids": [
                                        false,
                                        false,
                                        false
                                    ]
                                }
                            }
                        ],
                        "address": "module.private-vpc"
                    }
                ]
            }
        }
    },
    "configuration": {
        "provider_config": {
            "aws": {
                "name": "aws",
                "full_name": "registry.terraform.io/hashicorp/aws",
                "expressions": {
                    "region": {
                        "references": [
                            "var.AWS_REGION"
                        ]
                    }
                }
            },
            "module.bastion-host:template": {
                "name": "template",
                "full_name": "registry.terraform.io/hashicorp/template",
                "module_address": "module.bastion-host"
            }
        },
        "root_module": {
            "outputs": {
                "bastion_host_ip": {
                    "expression": {
                        "references": [
                            "module.bastion-host.bastion_ip",
                            "module.bastion-host"
                        ]
                    }
                },
                "ec2_instance_ip": {
                    "expression": {
                        "references": [
                            "module.ec2-instance.ec2_instance_ip",
                            "module.ec2-instance"
                        ]
                    }
                },
                "private_subnets_ids": {
                    "expression": {
                        "references": [
                            "module.private-vpc.private_subnet_ids",
                            "module.private-vpc"
                        ]
                    }
                },
                "public_subnets_ids": {
                    "expression": {
                        "references": [
                            "module.private-vpc.public_subnet_ids",
                            "module.private-vpc"
                        ]
                    }
                },
                "security_group_id": {
                    "expression": {
                        "references": [
                            "module.private-vpc.security_group_id",
                            "module.private-vpc"
                        ]
                    }
                },
                "vpc_id": {
                    "expression": {
                        "references": [
                            "module.private-vpc.vpc_id",
                            "module.private-vpc"
                        ]
                    }
                }
            },
            "module_calls": {
                "bastion-host": {
                    "source": "../bastion-host",
                    "expressions": {
                        "environment": {
                            "references": [
                                "var.environment"
                            ]
                        },
                        "security_group_ids": {
                            "references": [
                                "module.private-vpc.security_group_id",
                                "module.private-vpc"
                            ]
                        },
                        "ssk_key_pair_name": {
                            "constant_value": "test.pem"
                        },
                        "subnet_id": {
                            "references": [
                                "module.private-vpc.public_subnet_ids[0]",
                                "module.private-vpc.public_subnet_ids",
                                "module.private-vpc"
                            ]
                        }
                    },
                    "module": {
                        "outputs": {
                            "bastion_ip": {
                                "expression": {
                                    "references": [
                                        "aws_instance.bastion_host"
                                    ]
                                }
                            }
                        },
                        "resources": [
                            {
                                "address": "aws_instance.bastion_host",
                                "mode": "managed",
                                "type": "aws_instance",
                                "name": "bastion_host",
                                "provider_config_key": "aws",
                                "expressions": {
                                    "ami": {
                                        "references": [
                                            "var.ami"
                                        ]
                                    },
                                    "instance_type": {
                                        "references": [
                                            "var.instance_type"
                                        ]
                                    },
                                    "key_name": {
                                        "references": [
                                            "var.ssk_key_pair_name"
                                        ]
                                    },
                                    "subnet_id": {
                                        "references": [
                                            "var.subnet_id"
                                        ]
                                    },
                                    "tags": {
                                        "references": [
                                            "local.tags",
                                            "var.environment"
                                        ]
                                    },
                                    "user_data": {
                                        "references": [
                                            "data.template_cloudinit_config.bastion_host.rendered",
                                            "data.template_cloudinit_config.bastion_host"
                                        ]
                                    },
                                    "vpc_security_group_ids": {
                                        "references": [
                                            "var.security_group_ids"
                                        ]
                                    }
                                },
                                "schema_version": 2
                            },
                            {
                                "address": "data.template_cloudinit_config.bastion_host",
                                "mode": "data",
                                "type": "template_cloudinit_config",
                                "name": "bastion_host",
                                "provider_config_key": "module.bastion-host:template",
                                "expressions": {
                                    "base64_encode": {
                                        "constant_value": true
                                    },
                                    "gzip": {
                                        "constant_value": true
                                    },
                                    "part": [
                                        {
                                            "content": {
                                                "references": [
                                                    "path.module"
                                                ]
                                            },
                                            "content_type": {
                                                "constant_value": "text/cloud-config"
                                            },
                                            "filename": {
                                                "constant_value": "init.cfg"
                                            }
                                        },
                                        {
                                            "content": {
                                                "references": [
                                                    "path.module",
                                                    "local.ssh_keys",
                                                    "var.bastion_user",
                                                    "var.bastion_group"
                                                ]
                                            },
                                            "content_type": {
                                                "constant_value": "text/x-shellscript"
                                            }
                                        }
                                    ]
                                },
                                "schema_version": 0
                            }
                        ],
                        "variables": {
                            "ami": {
                                "default": "ami-081ff4b9aa4e81a08"
                            },
                            "bastion_group": {
                                "default": "bastion"
                            },
                            "bastion_user": {
                                "default": "bastion"
                            },
                            "environment": {
                                "default": "staging"
                            },
                            "instance_type": {
                                "default": "t2.micro"
                            },
                            "security_group_ids": {},
                            "ssh_keys_path": {
                                "default": [
                                    "./id_rsa.pub"
                                ]
                            },
                            "ssk_key_pair_name": {},
                            "subnet_id": {}
                        }
                    }
                },
                "ec2-instance": {
                    "source": "../ec2-instance",
                    "expressions": {
                        "environment": {
                            "references": [
                                "var.environment"
                            ]
                        },
                        "security_group_ids": {
                            "references": [
                                "module.private-vpc.security_group_id",
                                "module.private-vpc"
                            ]
                        },
                        "ssk_key_pair_name": {
                            "constant_value": "test.pem"
                        },
                        "subnet_id": {
                            "references": [
                                "module.private-vpc.private_subnet_ids[0]",
                                "module.private-vpc.private_subnet_ids",
                                "module.private-vpc"
                            ]
                        }
                    },
                    "module": {
                        "outputs": {
                            "ec2_instance_ip": {
                                "expression": {
                                    "references": [
                                        "aws_instance.ec2_instance"
                                    ]
                                }
                            }
                        },
                        "resources": [
                            {
                                "address": "aws_iam_instance_profile.ec2_instance_profile",
                                "mode": "managed",
                                "type": "aws_iam_instance_profile",
                                "name": "ec2_instance_profile",
                                "provider_config_key": "aws",
                                "expressions": {
                                    "name": {
                                        "references": [
                                            "var.environment"
                                        ]
                                    },
                                    "role": {
                                        "references": [
                                            "aws_iam_role.ec2_iam_role.name",
                                            "aws_iam_role.ec2_iam_role"
                                        ]
                                    },
                                    "tags": {
                                        "references": [
                                            "local.tags",
                                            "var.environment"
                                        ]
                                    }
                                },
                                "schema_version": 0
                            },
                            {
                                "address": "aws_iam_role.ec2_iam_role",
                                "mode": "managed",
                                "type": "aws_iam_role",
                                "name": "ec2_iam_role",
                                "provider_config_key": "aws",
                                "expressions": {
                                    "assume_role_policy": {},
                                    "name": {
                                        "references": [
                                            "var.environment"
                                        ]
                                    },
                                    "tags": {
                                        "references": [
                                            "local.tags",
                                            "var.environment"
                                        ]
                                    }
                                },
                                "schema_version": 0
                            },
                            {
                                "address": "aws_iam_role_policy_attachment.attach_ssm_policy",
                                "mode": "managed",
                                "type": "aws_iam_role_policy_attachment",
                                "name": "attach_ssm_policy",
                                "provider_config_key": "aws",
                                "expressions": {
                                    "policy_arn": {
                                        "references": [
                                            "data.aws_iam_policy.AmazonSSMManagedInstanceCore.arn",
                                            "data.aws_iam_policy.AmazonSSMManagedInstanceCore"
                                        ]
                                    },
                                    "role": {
                                        "references": [
                                            "aws_iam_role.ec2_iam_role.name",
                                            "aws_iam_role.ec2_iam_role"
                                        ]
                                    }
                                },
                                "schema_version": 0
                            },
                            {
                                "address": "aws_instance.ec2_instance",
                                "mode": "managed",
                                "type": "aws_instance",
                                "name": "ec2_instance",
                                "provider_config_key": "aws",
                                "expressions": {
                                    "ami": {
                                        "references": [
                                            "var.ami"
                                        ]
                                    },
                                    "iam_instance_profile": {
                                        "references": [
                                            "aws_iam_instance_profile.ec2_instance_profile.id",
                                            "aws_iam_instance_profile.ec2_instance_profile"
                                        ]
                                    },
                                    "instance_type": {
                                        "references": [
                                            "var.instance_type"
                                        ]
                                    },
                                    "key_name": {
                                        "references": [
                                            "var.ssk_key_pair_name"
                                        ]
                                    },
                                    "subnet_id": {
                                        "references": [
                                            "var.subnet_id"
                                        ]
                                    },
                                    "tags": {
                                        "references": [
                                            "local.tags",
                                            "var.environment"
                                        ]
                                    },
                                    "vpc_security_group_ids": {
                                        "references": [
                                            "var.security_group_ids"
                                        ]
                                    }
                                },
                                "schema_version": 2
                            },
                            {
                                "address": "data.aws_iam_policy.AmazonSSMManagedInstanceCore",
                                "mode": "data",
                                "type": "aws_iam_policy",
                                "name": "AmazonSSMManagedInstanceCore",
                                "provider_config_key": "aws",
                                "expressions": {
                                    "arn": {
                                        "constant_value": "arn:aws:iam::aws:policy/AmazonSSMManagedInstanceCore"
                                    }
                                },
                                "schema_version": 0
                            }
                        ],
                        "variables": {
                            "ami": {
                                "default": "ami-081ff4b9aa4e81a08"
                            },
                            "environment": {
                                "default": "staging"
                            },
                            "instance_type": {
                                "default": "t2.micro"
                            },
                            "security_group_ids": {},
                            "ssk_key_pair_name": {},
                            "subnet_id": {}
                        }
                    }
                },
                "private-vpc": {
                    "source": "github.com/garutilorenzo/aws-terraform-examples/private-vpc",
                    "expressions": {
                        "environment": {
                            "references": [
                                "var.environment"
                            ]
                        },
                        "my_public_ip_cidrs": {
                            "constant_value": [
                                "162.120.188.0/24"
                            ]
                        },
                        "region": {
                            "references": [
                                "var.AWS_REGION"
                            ]
                        }
                    },
                    "module": {
                        "outputs": {
                            "private_subnet_ids": {
                                "expression": {
                                    "references": [
                                        "aws_subnet.private_subnets"
                                    ]
                                },
                                "depends_on": [
                                    "aws_subnet.private_subnets"
                                ]
                            },
                            "public_subnet_ids": {
                                "expression": {
                                    "references": [
                                        "aws_subnet.public_subnets"
                                    ]
                                },
                                "depends_on": [
                                    "aws_subnet.public_subnets"
                                ]
                            },
                            "security_group_id": {
                                "expression": {
                                    "references": [
                                        "aws_security_group.allow-strict.id",
                                        "aws_security_group.allow-strict"
                                    ]
                                }
                            },
                            "vpc_id": {
                                "expression": {
                                    "references": [
                                        "aws_vpc.main_vpc.id",
                                        "aws_vpc.main_vpc"
                                    ]
                                }
                            }
                        },
                        "resources": [
                            {
                                "address": "aws_eip.nat_eip",
                                "mode": "managed",
                                "type": "aws_eip",
                                "name": "nat_eip",
                                "provider_config_key": "aws",
                                "expressions": {
                                    "domain": {
                                        "constant_value": "vpc"
                                    },
                                    "tags": {
                                        "references": [
                                            "local.tags",
                                            "var.environment"
                                        ]
                                    }
                                },
                                "schema_version": 0,
                                "depends_on": [
                                    "aws_internet_gateway.vpc_gw"
                                ]
                            },
                            {
                                "address": "aws_internet_gateway.vpc_gw",
                                "mode": "managed",
                                "type": "aws_internet_gateway",
                                "name": "vpc_gw",
                                "provider_config_key": "aws",
                                "expressions": {
                                    "tags": {
                                        "references": [
                                            "local.tags",
                                            "var.environment"
                                        ]
                                    },
                                    "vpc_id": {
                                        "references": [
                                            "aws_vpc.main_vpc.id",
                                            "aws_vpc.main_vpc"
                                        ]
                                    }
                                },
                                "schema_version": 0
                            },
                            {
                                "address": "aws_nat_gateway.nat_gw",
                                "mode": "managed",
                                "type": "aws_nat_gateway",
                                "name": "nat_gw",
                                "provider_config_key": "aws",
                                "expressions": {
                                    "allocation_id": {
                                        "references": [
                                            "aws_eip.nat_eip.id",
                                            "aws_eip.nat_eip"
                                        ]
                                    },
                                    "subnet_id": {
                                        "references": [
                                            "aws_subnet.public_subnets"
                                        ]
                                    },
                                    "tags": {
                                        "references": [
                                            "local.tags",
                                            "var.environment"
                                        ]
                                    }
                                },
                                "schema_version": 0,
                                "depends_on": [
                                    "aws_internet_gateway.vpc_gw"
                                ]
                            },
                            {
                                "address": "aws_route.private_nat_gateway",
                                "mode": "managed",
                                "type": "aws_route",
                                "name": "private_nat_gateway",
                                "provider_config_key": "aws",
                                "expressions": {
                                    "destination_cidr_block": {
                                        "constant_value": "0.0.0.0/0"
                                    },
                                    "nat_gateway_id": {
                                        "references": [
                                            "aws_nat_gateway.nat_gw.id",
                                            "aws_nat_gateway.nat_gw"
                                        ]
                                    },
                                    "route_table_id": {
                                        "references": [
                                            "aws_route_table.vpc_private_rt.id",
                                            "aws_route_table.vpc_private_rt"
                                        ]
                                    }
                                },
                                "schema_version": 0
                            },
                            {
                                "address": "aws_route.public_internet_gateway",
                                "mode": "managed",
                                "type": "aws_route",
                                "name": "public_internet_gateway",
                                "provider_config_key": "aws",
                                "expressions": {
                                    "destination_cidr_block": {
                                        "constant_value": "0.0.0.0/0"
                                    },
                                    "gateway_id": {
                                        "references": [
                                            "aws_internet_gateway.vpc_gw.id",
                                            "aws_internet_gateway.vpc_gw"
                                        ]
                                    },
                                    "route_table_id": {
                                        "references": [
                                            "aws_route_table.vpc_public_rt.id",
                                            "aws_route_table.vpc_public_rt"
                                        ]
                                    }
                                },
                                "schema_version": 0
                            },
                            {
                                "address": "aws_route_table.vpc_private_rt",
                                "mode": "managed",
                                "type": "aws_route_table",
                                "name": "vpc_private_rt",
                                "provider_config_key": "aws",
                                "expressions": {
                                    "tags": {
                                        "references": [
                                            "local.tags",
                                            "var.environment"
                                        ]
                                    },
                                    "vpc_id": {
                                        "references": [
                                            "aws_vpc.main_vpc.id",
                                            "aws_vpc.main_vpc"
                                        ]
                                    }
                                },
                                "schema_version": 0
                            },
                            {
                                "address": "aws_route_table.vpc_public_rt",
                                "mode": "managed",
                                "type": "aws_route_table",
                                "name": "vpc_public_rt",
                                "provider_config_key": "aws",
                                "expressions": {
                                    "tags": {
                                        "references": [
                                            "local.tags",
                                            "var.environment"
                                        ]
                                    },
                                    "vpc_id": {
                                        "references": [
                                            "aws_vpc.main_vpc.id",
                                            "aws_vpc.main_vpc"
                                        ]
                                    }
                                },
                                "schema_version": 0
                            },
                            {
                                "address": "aws_route_table_association.private",
                                "mode": "managed",
                                "type": "aws_route_table_association",
                                "name": "private",
                                "provider_config_key": "aws",
                                "expressions": {
                                    "route_table_id": {
                                        "references": [
                                            "aws_route_table.vpc_private_rt.id",
                                            "aws_route_table.vpc_private_rt"
                                        ]
                                    },
                                    "subnet_id": {
                                        "references": [
                                            "aws_subnet.private_subnets",
                                            "count.index"
                                        ]
                                    }
                                },
                                "schema_version": 0,
                                "count_expression": {
                                    "references": [
                                        "data.aws_availability_zones.available_az.zone_ids",
                                        "data.aws_availability_zones.available_az"
                                    ]
                                }
                            },
                            {
                                "address": "aws_route_table_association.public",
                                "mode": "managed",
                                "type": "aws_route_table_association",
                                "name": "public",
                                "provider_config_key": "aws",
                                "expressions": {
                                    "route_table_id": {
                                        "references": [
                                            "aws_route_table.vpc_public_rt.id",
                                            "aws_route_table.vpc_public_rt"
                                        ]
                                    },
                                    "subnet_id": {
                                        "references": [
                                            "aws_subnet.public_subnets",
                                            "count.index"
                                        ]
                                    }
                                },
                                "schema_version": 0,
                                "count_expression": {
                                    "references": [
                                        "data.aws_availability_zones.available_az.zone_ids",
                                        "data.aws_availability_zones.available_az"
                                    ]
                                }
                            },
                            {
                                "address": "aws_security_group.allow-strict",
                                "mode": "managed",
                                "type": "aws_security_group",
                                "name": "allow-strict",
                                "provider_config_key": "aws",
                                "expressions": {
                                    "description": {
                                        "constant_value": "security group that allows ssh and all egress traffic"
                                    },
                                    "egress": {
                                        "constant_value": [
                                            {
                                                "cidr_blocks": [
                                                    "0.0.0.0/0"
                                                ],
                                                "description": null,
                                                "from_port": 0,
                                                "ipv6_cidr_blocks": null,
                                                "prefix_list_ids": null,
                                                "protocol": "-1",
                                                "security_groups": null,
                                                "self": null,
                                                "to_port": 0
                                            }
                                        ]
                                    },
                                    "ingress": {
                                        "constant_value": [
                                            {
                                                "cidr_blocks": null,
                                                "description": null,
                                                "from_port": 0,
                                                "ipv6_cidr_blocks": null,
                                                "prefix_list_ids": null,
                                                "protocol": "-1",
                                                "security_groups": null,
                                                "self": true,
                                                "to_port": 0
                                            }
                                        ]
                                    },
                                    "name": {
                                        "constant_value": "allow-strict"
                                    },
                                    "tags": {
                                        "references": [
                                            "local.tags",
                                            "var.environment"
                                        ]
                                    },
                                    "vpc_id": {
                                        "references": [
                                            "aws_vpc.main_vpc.id",
                                            "aws_vpc.main_vpc"
                                        ]
                                    }
                                },
                                "schema_version": 1
                            },
                            {
                                "address": "aws_security_group_rule.ingress_ssh",
                                "mode": "managed",
                                "type": "aws_security_group_rule",
                                "name": "ingress_ssh",
                                "provider_config_key": "aws",
                                "expressions": {
                                    "cidr_blocks": {
                                        "references": [
                                            "var.my_public_ip_cidrs"
                                        ]
                                    },
                                    "from_port": {
                                        "constant_value": 22
                                    },
                                    "protocol": {
                                        "constant_value": "tcp"
                                    },
                                    "security_group_id": {
                                        "references": [
                                            "aws_security_group.allow-strict.id",
                                            "aws_security_group.allow-strict"
                                        ]
                                    },
                                    "to_port": {
                                        "constant_value": 22
                                    },
                                    "type": {
                                        "constant_value": "ingress"
                                    }
                                },
                                "schema_version": 2,
                                "count_expression": {
                                    "references": [
                                        "var.my_public_ip_cidrs"
                                    ]
                                }
                            },
                            {
                                "address": "aws_subnet.private_subnets",
                                "mode": "managed",
                                "type": "aws_subnet",
                                "name": "private_subnets",
                                "provider_config_key": "aws",
                                "expressions": {
                                    "availability_zone_id": {
                                        "references": [
                                            "data.aws_availability_zones.available_az.zone_ids",
                                            "data.aws_availability_zones.available_az",
                                            "count.index"
                                        ]
                                    },
                                    "cidr_block": {
                                        "references": [
                                            "var.vpc_cidr_block",
                                            "var.vpc_newbits",
                                            "count.index",
                                            "var.private_subnet_offset"
                                        ]
                                    },
                                    "enable_resource_name_dns_a_record_on_launch": {
                                        "constant_value": true
                                    },
                                    "map_public_ip_on_launch": {
                                        "constant_value": false
                                    },
                                    "private_dns_hostname_type_on_launch": {
                                        "constant_value": "resource-name"
                                    },
                                    "tags": {
                                        "references": [
                                            "local.tags",
                                            "data.aws_availability_zones.available_az.names",
                                            "data.aws_availability_zones.available_az",
                                            "count.index",
                                            "var.environment"
                                        ]
                                    },
                                    "vpc_id": {
                                        "references": [
                                            "aws_vpc.main_vpc.id",
                                            "aws_vpc.main_vpc"
                                        ]
                                    }
                                },
                                "schema_version": 1,
                                "count_expression": {
                                    "references": [
                                        "data.aws_availability_zones.available_az.zone_ids",
                                        "data.aws_availability_zones.available_az"
                                    ]
                                }
                            },
                            {
                                "address": "aws_subnet.public_subnets",
                                "mode": "managed",
                                "type": "aws_subnet",
                                "name": "public_subnets",
                                "provider_config_key": "aws",
                                "expressions": {
                                    "availability_zone_id": {
                                        "references": [
                                            "data.aws_availability_zones.available_az.zone_ids",
                                            "data.aws_availability_zones.available_az",
                                            "count.index"
                                        ]
                                    },
                                    "cidr_block": {
                                        "references": [
                                            "var.vpc_cidr_block",
                                            "var.vpc_newbits",
                                            "count.index"
                                        ]
                                    },
                                    "enable_resource_name_dns_a_record_on_launch": {
                                        "constant_value": true
                                    },
                                    "map_public_ip_on_launch": {
                                        "constant_value": true
                                    },
                                    "private_dns_hostname_type_on_launch": {
                                        "constant_value": "resource-name"
                                    },
                                    "tags": {
                                        "references": [
                                            "local.tags",
                                            "data.aws_availability_zones.available_az.names",
                                            "data.aws_availability_zones.available_az",
                                            "count.index",
                                            "var.environment"
                                        ]
                                    },
                                    "vpc_id": {
                                        "references": [
                                            "aws_vpc.main_vpc.id",
                                            "aws_vpc.main_vpc"
                                        ]
                                    }
                                },
                                "schema_version": 1,
                                "count_expression": {
                                    "references": [
                                        "data.aws_availability_zones.available_az.zone_ids",
                                        "data.aws_availability_zones.available_az"
                                    ]
                                }
                            },
                            {
                                "address": "aws_vpc.main_vpc",
                                "mode": "managed",
                                "type": "aws_vpc",
                                "name": "main_vpc",
                                "provider_config_key": "aws",
                                "expressions": {
                                    "cidr_block": {
                                        "references": [
                                            "var.vpc_cidr_block"
                                        ]
                                    },
                                    "enable_dns_hostnames": {
                                        "constant_value": true
                                    },
                                    "enable_dns_support": {
                                        "constant_value": true
                                    },
                                    "tags": {
                                        "references": [
                                            "local.tags",
                                            "var.region",
                                            "var.environment"
                                        ]
                                    }
                                },
                                "schema_version": 1
                            },
                            {
                                "address": "aws_vpc_dhcp_options.vpc_dhcp",
                                "mode": "managed",
                                "type": "aws_vpc_dhcp_options",
                                "name": "vpc_dhcp",
                                "provider_config_key": "aws",
                                "expressions": {
                                    "domain_name": {
                                        "references": [
                                            "local.domain_name"
                                        ]
                                    },
                                    "domain_name_servers": {
                                        "references": [
                                            "var.dns_servers"
                                        ]
                                    },
                                    "tags": {
                                        "references": [
                                            "local.tags",
                                            "var.environment"
                                        ]
                                    }
                                },
                                "schema_version": 0
                            },
                            {
                                "address": "aws_vpc_dhcp_options_association.dns_resolver",
                                "mode": "managed",
                                "type": "aws_vpc_dhcp_options_association",
                                "name": "dns_resolver",
                                "provider_config_key": "aws",
                                "expressions": {
                                    "dhcp_options_id": {
                                        "references": [
                                            "aws_vpc_dhcp_options.vpc_dhcp.id",
                                            "aws_vpc_dhcp_options.vpc_dhcp"
                                        ]
                                    },
                                    "vpc_id": {
                                        "references": [
                                            "aws_vpc.main_vpc.id",
                                            "aws_vpc.main_vpc"
                                        ]
                                    }
                                },
                                "schema_version": 0
                            },
                            {
                                "address": "data.aws_availability_zones.available_az",
                                "mode": "data",
                                "type": "aws_availability_zones",
                                "name": "available_az",
                                "provider_config_key": "aws",
                                "expressions": {
                                    "state": {
                                        "constant_value": "available"
                                    }
                                },
                                "schema_version": 0
                            }
                        ],
                        "variables": {
                            "dns_servers": {
                                "default": [
                                    "AmazonProvidedDNS"
                                ]
                            },
                            "domain_name": {
                                "default": "aws-cloud.compute.internal"
                            },
                            "environment": {
                                "default": "staging"
                            },
                            "my_public_ip_cidrs": {
                                "default": [],
                                "description": "List of public IP CIDRs to allow"
                            },
                            "private_subnet_offset": {
                                "default": 3,
                                "description": "Offset used to calculate the private subnet CIDRs using cidrsubnet fn"
                            },
                            "region": {},
                            "vpc_cidr_block": {
                                "default": "172.68.0.0/16"
                            },
                            "vpc_newbits": {
                                "default": 8,
                                "description": "newbits used to calculate the private and public subnet CIDRs using cidrsubnet fn"
                            }
                        }
                    }
                }
            },
            "variables": {
                "AWS_REGION": {
                    "default": "eu-west-1"
                },
                "environment": {
                    "default": "staging"
                }
            }
        }
    },
    "relevant_attributes": [
        {
            "resource": "module.ec2-instance.aws_iam_role.ec2_iam_role",
            "attribute": [
                "name"
            ]
        },
        {
            "resource": "module.private-vpc.data.aws_availability_zones.available_az",
            "attribute": [
                "names"
            ]
        },
        {
            "resource": "module.private-vpc.aws_security_group.allow-strict",
            "attribute": [
                "id"
            ]
        },
        {
            "resource": "module.bastion-host.aws_instance.bastion_host",
            "attribute": []
        },
        {
            "resource": "module.private-vpc.aws_route_table.vpc_private_rt",
            "attribute": [
                "id"
            ]
        },
        {
            "resource": "module.ec2-instance.data.aws_iam_policy.AmazonSSMManagedInstanceCore",
            "attribute": [
                "arn"
            ]
        },
        {
            "resource": "module.private-vpc.data.aws_availability_zones.available_az",
            "attribute": [
                "zone_ids"
            ]
        },
        {
            "resource": "module.private-vpc.aws_internet_gateway.vpc_gw",
            "attribute": [
                "id"
            ]
        },
        {
            "resource": "module.ec2-instance.aws_instance.ec2_instance",
            "attribute": []
        },
        {
            "resource": "module.ec2-instance.aws_iam_instance_profile.ec2_instance_profile",
            "attribute": [
                "id"
            ]
        },
        {
            "resource": "module.private-vpc.aws_vpc_dhcp_options.vpc_dhcp",
            "attribute": [
                "id"
            ]
        },
        {
            "resource": "module.private-vpc.aws_route_table.vpc_public_rt",
            "attribute": [
                "id"
            ]
        },
        {
            "resource": "module.private-vpc.aws_vpc.main_vpc",
            "attribute": [
                "id"
            ]
        },
        {
            "resource": "module.private-vpc.aws_subnet.private_subnets",
            "attribute": []
        },
        {
            "resource": "module.private-vpc.aws_eip.nat_eip",
            "attribute": [
                "id"
            ]
        },
        {
            "resource": "module.private-vpc.aws_subnet.public_subnets",
            "attribute": []
        },
        {
            "resource": "module.bastion-host.data.template_cloudinit_config.bastion_host",
            "attribute": [
                "rendered"
            ]
        },
        {
            "resource": "module.private-vpc.aws_nat_gateway.nat_gw",
            "attribute": [
                "id"
            ]
        }
    ],
    "timestamp": "2026-02-08T19:13:33Z",
    "applyable": true,
    "complete": true,
    "errored": false
}